<?xml version="1.0" encoding="utf-8"?>
<Project ToolsVersion="4.0" xmlns="http://schemas.microsoft.com/developer/msbuild/2003">
  <ItemGroup>
    <Filter Include="Source Files">
      <UniqueIdentifier>{4FC737F1-C7A5-4376-A066-2A32D752A2FF}</UniqueIdentifier>
      <Extensions>cpp;c;def;odl;idl;hpj;bat;asm;asmx</Extensions>
    </Filter>
    <Filter Include="SCU Files">
      <UniqueIdentifier>{6ce07a50-9816-44a6-b265-67580bfdc8f6}</UniqueIdentifier>
    </Filter>
  </ItemGroup>
  <ItemGroup>
    <ClCompile Include="src\sml_AnalyzeXML.cpp">
      <Filter>Source Files</Filter>
    </ClCompile>
    <ClCompile Include="src\sml_ArgMap.cpp">
      <Filter>Source Files</Filter>
    </ClCompile>
    <ClCompile Include="src\sml_Connection.cpp">
      <Filter>Source Files</Filter>
    </ClCompile>
    <ClCompile Include="src\sml_EmbeddedConnection.cpp">
      <Filter>Source Files</Filter>
    </ClCompile>
    <ClCompile Include="src\sml_EmbeddedConnectionAsynch.cpp">
      <Filter>Source Files</Filter>
    </ClCompile>
    <ClCompile Include="src\sml_EmbeddedConnectionSynch.cpp">
      <Filter>Source Files</Filter>
    </ClCompile>
    <ClCompile Include="src\sml_Events.cpp">
      <Filter>Source Files</Filter>
    </ClCompile>
    <ClCompile Include="src\sml_EventThread.cpp">
      <Filter>Source Files</Filter>
    </ClCompile>
    <ClCompile Include="src\sml_MessageSML.cpp">
      <Filter>Source Files</Filter>
    </ClCompile>
    <ClCompile Include="src\sml_Names.cpp">
      <Filter>Source Files</Filter>
    </ClCompile>
    <ClCompile Include="src\sml_RemoteConnection.cpp">
      <Filter>Source Files</Filter>
    </ClCompile>
    <ClCompile Include="src\sml_StringOps.cpp">
      <Filter>Source Files</Filter>
    </ClCompile>
    <ClCompile Include="src\sml_TagArg.cpp">
      <Filter>Source Files</Filter>
    </ClCompile>
    <ClCompile Include="src\sml_TagCommand.cpp">
      <Filter>Source Files</Filter>
    </ClCompile>
    <ClCompile Include="src\sml_TagError.cpp">
      <Filter>Source Files</Filter>
    </ClCompile>
    <ClCompile Include="src\sml_TagFilter.cpp">
      <Filter>Source Files</Filter>
    </ClCompile>
    <ClCompile Include="src\sml_TagName.cpp">
      <Filter>Source Files</Filter>
    </ClCompile>
    <ClCompile Include="src\sml_TagResult.cpp">
      <Filter>Source Files</Filter>
    </ClCompile>
    <ClCompile Include="src\sml_TagWme.cpp">
      <Filter>Source Files</Filter>
    </ClCompile>
    <ClCompile Include="src\sml_Utils.cpp">
      <Filter>Source Files</Filter>
    </ClCompile>
    <ClCompile Include="src\sock_ClientNamedPipe.cpp">
      <Filter>Source Files</Filter>
    </ClCompile>
    <ClCompile Include="src\sock_ClientSocket.cpp">
      <Filter>Source Files</Filter>
    </ClCompile>
    <ClCompile Include="src\sock_DataSender.cpp">
      <Filter>Source Files</Filter>
    </ClCompile>
    <ClCompile Include="src\sock_ListenerNamedPipe.cpp">
      <Filter>Source Files</Filter>
    </ClCompile>
    <ClCompile Include="src\sock_ListenerSocket.cpp">
      <Filter>Source Files</Filter>
    </ClCompile>
    <ClCompile Include="src\sock_NamedPipe.cpp">
      <Filter>Source Files</Filter>
    </ClCompile>
    <ClCompile Include="src\sock_OSspecific.cpp">
      <Filter>Source Files</Filter>
    </ClCompile>
    <ClCompile Include="src\sock_Socket.cpp">
      <Filter>Source Files</Filter>
    </ClCompile>
    <ClCompile Include="src\sock_SocketLib.cpp">
      <Filter>Source Files</Filter>
    </ClCompile>
    <ClCompile Include="src\thread_Event.cpp">
      <Filter>Source Files</Filter>
    </ClCompile>
    <ClCompile Include="src\thread_Lock.cpp">
      <Filter>Source Files</Filter>
    </ClCompile>
    <ClCompile Include="src\thread_OSspecific.cpp">
      <Filter>Source Files</Filter>
    </ClCompile>
    <ClCompile Include="src\thread_Thread.cpp">
      <Filter>Source Files</Filter>
    </ClCompile>
    <ClCompile Include="ConnectionSML.cxx">
      <Filter>SCU Files</Filter>
    </ClCompile>
  </ItemGroup>
  <ItemGroup>
    <ClInclude Include="src\EmbeddedSMLInterface.h">
      <Filter>Source Files</Filter>
    </ClInclude>
    <ClInclude Include="src\KernelSMLDirect.h">
      <Filter>Source Files</Filter>
    </ClInclude>
    <ClInclude Include="src\sml_AnalyzeXML.h">
      <Filter>Source Files</Filter>
    </ClInclude>
    <ClInclude Include="src\sml_ArgMap.h">
      <Filter>Source Files</Filter>
    </ClInclude>
    <ClInclude Include="src\sml_Connection.h">
      <Filter>Source Files</Filter>
    </ClInclude>
    <ClInclude Include="src\sml_EmbeddedConnection.h">
      <Filter>Source Files</Filter>
    </ClInclude>
    <ClInclude Include="src\sml_EmbeddedConnectionAsynch.h">
      <Filter>Source Files</Filter>
    </ClInclude>
    <ClInclude Include="src\sml_EmbeddedConnectionSynch.h">
      <Filter>Source Files</Filter>
    </ClInclude>
    <ClInclude Include="src\sml_Errors.h">
      <Filter>Source Files</Filter>
    </ClInclude>
    <ClInclude Include="src\sml_Events.h">
      <Filter>Source Files</Filter>
    </ClInclude>
    <ClInclude Include="src\sml_EventThread.h">
      <Filter>Source Files</Filter>
    </ClInclude>
    <ClInclude Include="src\sml_Handles.h">
      <Filter>Source Files</Filter>
    </ClInclude>
    <ClInclude Include="src\sml_MessageSML.h">
      <Filter>Source Files</Filter>
    </ClInclude>
    <ClInclude Include="src\sml_Names.h">
      <Filter>Source Files</Filter>
    </ClInclude>
    <ClInclude Include="src\sml_RemoteConnection.h">
      <Filter>Source Files</Filter>
    </ClInclude>
    <ClInclude Include="src\sml_StringOps.h">
      <Filter>Source Files</Filter>
    </ClInclude>
    <ClInclude Include="src\sml_TagArg.h">
      <Filter>Source Files</Filter>
    </ClInclude>
    <ClInclude Include="src\sml_TagCommand.h">
      <Filter>Source Files</Filter>
    </ClInclude>
    <ClInclude Include="src\sml_TagError.h">
      <Filter>Source Files</Filter>
    </ClInclude>
    <ClInclude Include="src\sml_TagFilter.h">
      <Filter>Source Files</Filter>
    </ClInclude>
    <ClInclude Include="src\sml_TagName.h">
      <Filter>Source Files</Filter>
    </ClInclude>
    <ClInclude Include="src\sml_TagResult.h">
      <Filter>Source Files</Filter>
    </ClInclude>
    <ClInclude Include="src\sml_TagWme.h">
      <Filter>Source Files</Filter>
    </ClInclude>
    <ClInclude Include="src\sml_Utils.h">
      <Filter>Source Files</Filter>
    </ClInclude>
    <ClInclude Include="src\sock_ClientNamedPipe.h">
      <Filter>Source Files</Filter>
    </ClInclude>
    <ClInclude Include="src\sock_ClientSocket.h">
      <Filter>Source Files</Filter>
    </ClInclude>
    <ClInclude Include="src\sock_DataSender.h">
      <Filter>Source Files</Filter>
    </ClInclude>
    <ClInclude Include="src\sock_ListenerNamedPipe.h">
      <Filter>Source Files</Filter>
    </ClInclude>
    <ClInclude Include="src\sock_ListenerSocket.h">
      <Filter>Source Files</Filter>
    </ClInclude>
    <ClInclude Include="src\sock_NamedPipe.h">
      <Filter>Source Files</Filter>
    </ClInclude>
    <ClInclude Include="src\sock_OSspecific.h">
      <Filter>Source Files</Filter>
    </ClInclude>
    <ClInclude Include="src\sock_Socket.h">
      <Filter>Source Files</Filter>
    </ClInclude>
    <ClInclude Include="src\sock_SocketLib.h">
      <Filter>Source Files</Filter>
    </ClInclude>
    <ClInclude Include="src\thread_Event.h">
      <Filter>Source Files</Filter>
    </ClInclude>
    <ClInclude Include="src\thread_Lock.h">
      <Filter>Source Files</Filter>
    </ClInclude>
    <ClInclude Include="src\thread_OSspecific.h">
      <Filter>Source Files</Filter>
    </ClInclude>
    <ClInclude Include="src\thread_Thread.h">
      <Filter>Source Files</Filter>
    </ClInclude>
  </ItemGroup>
</Project>