Microsoft Visual Studio Solution File, Format Version 9.00
# Visual Studio 2005
Project("{8BC9CEB8-8B4A-11D0-8D11-00A0C91BC942}") = "SoarTextIO", "SoarTextIO.vcproj", "{CE755AB7-CE29-4394-BBC5-EA9778AA6B89}"
EndProject
Project("{8BC9CEB8-8B4A-11D0-8D11-00A0C91BC942}") = "ClientSML", "..\SoarSuite\Core\ClientSML\ClientSML.vcproj", "{3EDBED11-A1B3-4E00-8B6E-652523D482F0}"
EndProject
Project("{8BC9CEB8-8B4A-11D0-8D11-00A0C91BC942}") = "ConnectionSML", "..\SoarSuite\Core\ConnectionSML\ConnectionSML.vcproj", "{161DC1AD-FB4B-4370-9FD5-B02E2A0D8A36}"
EndProject
Project("{8BC9CEB8-8B4A-11D0-8D11-00A0C91BC942}") = "ElementXML", "..\SoarSuite\Core\ElementXML\ElementXML.vcproj", "{E9AB0B6E-F1CA-4A63-817B-AB47F7E5417E}"
EndProject
Global
	GlobalSection(SolutionConfigurationPlatforms) = preSolution
		Debug|Win32 = Debug|Win32
		Distribution|Win32 = Distribution|Win32
		Release|Win32 = Release|Win32
	EndGlobalSection
	GlobalSection(ProjectConfigurationPlatforms) = postSolution
		{CE755AB7-CE29-4394-BBC5-EA9778AA6B89}.Debug|Win32.ActiveCfg = Debug|Win32
		{CE755AB7-CE29-4394-BBC5-EA9778AA6B89}.Debug|Win32.Build.0 = Debug|Win32
		{CE755AB7-CE29-4394-BBC5-EA9778AA6B89}.Distribution|Win32.ActiveCfg = Distribution|Win32
		{CE755AB7-CE29-4394-BBC5-EA9778AA6B89}.Distribution|Win32.Build.0 = Distribution|Win32
		{CE755AB7-CE29-4394-BBC5-EA9778AA6B89}.Release|Win32.ActiveCfg = Release|Win32
		{CE755AB7-CE29-4394-BBC5-EA9778AA6B89}.Release|Win32.Build.0 = Release|Win32
		{3EDBED11-A1B3-4E00-8B6E-652523D482F0}.Debug|Win32.ActiveCfg = Debug|Win32
		{3EDBED11-A1B3-4E00-8B6E-652523D482F0}.Debug|Win32.Build.0 = Debug|Win32
		{3EDBED11-A1B3-4E00-8B6E-652523D482F0}.Distribution|Win32.ActiveCfg = Distribution|Win32
		{3EDBED11-A1B3-4E00-8B6E-652523D482F0}.Distribution|Win32.Build.0 = Distribution|Win32
		{3EDBED11-A1B3-4E00-8B6E-652523D482F0}.Release|Win32.ActiveCfg = Release|Win32
		{3EDBED11-A1B3-4E00-8B6E-652523D482F0}.Release|Win32.Build.0 = Release|Win32
		{161DC1AD-FB4B-4370-9FD5-B02E2A0D8A36}.Debug|Win32.ActiveCfg = Debug|Win32
		{161DC1AD-FB4B-4370-9FD5-B02E2A0D8A36}.Debug|Win32.Build.0 = Debug|Win32
		{161DC1AD-FB4B-4370-9FD5-B02E2A0D8A36}.Distribution|Win32.ActiveCfg = Distribution|Win32
		{161DC1AD-FB4B-4370-9FD5-B02E2A0D8A36}.Distribution|Win32.Build.0 = Distribution|Win32
		{161DC1AD-FB4B-4370-9FD5-B02E2A0D8A36}.Release|Win32.ActiveCfg = Release|Win32
		{161DC1AD-FB4B-4370-9FD5-B02E2A0D8A36}.Release|Win32.Build.0 = Release|Win32
		{E9AB0B6E-F1CA-4A63-817B-AB47F7E5417E}.Debug|Win32.ActiveCfg = Debug|Win32
		{E9AB0B6E-F1CA-4A63-817B-AB47F7E5417E}.Debug|Win32.Build.0 = Debug|Win32
		{E9AB0B6E-F1CA-4A63-817B-AB47F7E5417E}.Distribution|Win32.ActiveCfg = Distribution|Win32
		{E9AB0B6E-F1CA-4A63-817B-AB47F7E5417E}.Distribution|Win32.Build.0 = Distribution|Win32
		{E9AB0B6E-F1CA-4A63-817B-AB47F7E5417E}.Release|Win32.ActiveCfg = Release|Win32
		{E9AB0B6E-F1CA-4A63-817B-AB47F7E5417E}.Release|Win32.Build.0 = Release|Win32
	EndGlobalSection
	GlobalSection(SolutionProperties) = preSolution
		HideSolutionNode = FALSE
	EndGlobalSection
EndGlobal
