
Microsoft Visual Studio Solution File, Format Version 9.00
# Visual Studio 2005
Project("{FAE04EC0-301F-11D3-BF4B-00C04F79EFBC}") = "SoarMSRService", "SoarMSRService.csproj", "{7E6C7E2B-A601-4257-BD33-FA8E054E3B28}"
	ProjectSection(ProjectDependencies) = postProject
		{337FCFAB-5F86-47C7-AC44-4B84F007EB01} = {337FCFAB-5F86-47C7-AC44-4B84F007EB01}
	EndProjectSection
EndProject
Project("{FAE04EC0-301F-11D3-BF4B-00C04F79EFBC}") = "SoarMazeSimulator", "..\SoarMazeSimulator\SoarMazeSimulator.csproj", "{337FCFAB-5F86-47C7-AC44-4B84F007EB01}"
EndProject
Global
	GlobalSection(SolutionConfigurationPlatforms) = preSolution
		Debug|Any CPU = Debug|Any CPU
		Release|Any CPU = Release|Any CPU
	EndGlobalSection
	GlobalSection(ProjectConfigurationPlatforms) = postSolution
		{7E6C7E2B-A601-4257-BD33-FA8E054E3B28}.Debug|Any CPU.ActiveCfg = Debug|Any CPU
		{7E6C7E2B-A601-4257-BD33-FA8E054E3B28}.Debug|Any CPU.Build.0 = Debug|Any CPU
		{7E6C7E2B-A601-4257-BD33-FA8E054E3B28}.Release|Any CPU.ActiveCfg = Release|Any CPU
		{7E6C7E2B-A601-4257-BD33-FA8E054E3B28}.Release|Any CPU.Build.0 = Release|Any CPU
		{337FCFAB-5F86-47C7-AC44-4B84F007EB01}.Debug|Any CPU.ActiveCfg = Debug|Any CPU
		{337FCFAB-5F86-47C7-AC44-4B84F007EB01}.Debug|Any CPU.Build.0 = Debug|Any CPU
		{337FCFAB-5F86-47C7-AC44-4B84F007EB01}.Release|Any CPU.ActiveCfg = Release|Any CPU
		{337FCFAB-5F86-47C7-AC44-4B84F007EB01}.Release|Any CPU.Build.0 = Release|Any CPU
	EndGlobalSection
	GlobalSection(SolutionProperties) = preSolution
		HideSolutionNode = FALSE
	EndGlobalSection
EndGlobal
