
Microsoft Visual Studio Solution File, Format Version 10.00
# Visual Studio 2008
Project("{8BC9CEB8-8B4A-11D0-8D11-00A0C91BC942}") = "LoggerWinC", "LoggerWinC.vcproj", "{A22DCC2B-A308-4AA4-A8B0-62491A0781DF}"
EndProject
Global
	GlobalSection(SolutionConfigurationPlatforms) = preSolution
		Debug|Win32 = Debug|Win32
		Debug|x64 = Debug|x64
		Release|Win32 = Release|Win32
		Release|x64 = Release|x64
	EndGlobalSection
	GlobalSection(ProjectConfigurationPlatforms) = postSolution
		{A22DCC2B-A308-4AA4-A8B0-62491A0781DF}.Debug|Win32.ActiveCfg = Debug|Win32
		{A22DCC2B-A308-4AA4-A8B0-62491A0781DF}.Debug|Win32.Build.0 = Debug|Win32
		{A22DCC2B-A308-4AA4-A8B0-62491A0781DF}.Debug|x64.ActiveCfg = Debug|x64
		{A22DCC2B-A308-4AA4-A8B0-62491A0781DF}.Debug|x64.Build.0 = Debug|x64
		{A22DCC2B-A308-4AA4-A8B0-62491A0781DF}.Release|Win32.ActiveCfg = Release|Win32
		{A22DCC2B-A308-4AA4-A8B0-62491A0781DF}.Release|Win32.Build.0 = Release|Win32
		{A22DCC2B-A308-4AA4-A8B0-62491A0781DF}.Release|x64.ActiveCfg = Release|x64
		{A22DCC2B-A308-4AA4-A8B0-62491A0781DF}.Release|x64.Build.0 = Release|x64
	EndGlobalSection
	GlobalSection(SolutionProperties) = preSolution
		HideSolutionNode = FALSE
	EndGlobalSection
EndGlobal
