<?xml version="1.0" encoding="utf-8"?>
<Project ToolsVersion="4.0" xmlns="http://schemas.microsoft.com/developer/msbuild/2003">
  <ItemGroup>
    <Filter Include="Source Files">
      <UniqueIdentifier>{4FC737F1-C7A5-4376-A066-2A32D752A2FF}</UniqueIdentifier>
      <Extensions>cpp;c;def;odl;idl;hpj;bat;asm;asmx</Extensions>
    </Filter>
    <Filter Include="SCU Files">
      <UniqueIdentifier>{f5f71772-33d3-461e-87ad-1f4aa815aed5}</UniqueIdentifier>
    </Filter>
  </ItemGroup>
  <ItemGroup>
    <ClInclude Include="src\ElementXML.h">
      <Filter>Source Files</Filter>
    </ClInclude>
    <ClInclude Include="src\ElementXMLHandle.h">
      <Filter>Source Files</Filter>
    </ClInclude>
    <ClInclude Include="src\ElementXMLImpl.h">
      <Filter>Source Files</Filter>
    </ClInclude>
    <ClInclude Include="src\ElementXMLInterface.h">
      <Filter>Source Files</Filter>
    </ClInclude>
    <ClInclude Include="src\ParseXML.h">
      <Filter>Source Files</Filter>
    </ClInclude>
    <ClInclude Include="src\ParseXMLFile.h">
      <Filter>Source Files</Filter>
    </ClInclude>
    <ClInclude Include="src\ParseXMLString.h">
      <Filter>Source Files</Filter>
    </ClInclude>
    <ClInclude Include="src\XMLTrace.h">
      <Filter>Source Files</Filter>
    </ClInclude>
  </ItemGroup>
  <ItemGroup>
    <ClCompile Include="src\ElementXMLdll.cpp">
      <Filter>Source Files</Filter>
    </ClCompile>
    <ClCompile Include="src\ElementXMLImpl.cpp">
      <Filter>Source Files</Filter>
    </ClCompile>
    <ClCompile Include="src\ElementXMLInterface.cpp">
      <Filter>Source Files</Filter>
    </ClCompile>
    <ClCompile Include="src\ParseXML.cpp">
      <Filter>Source Files</Filter>
    </ClCompile>
    <ClCompile Include="src\ParseXMLFile.cpp">
      <Filter>Source Files</Filter>
    </ClCompile>
    <ClCompile Include="src\ParseXMLString.cpp">
      <Filter>Source Files</Filter>
    </ClCompile>
    <ClCompile Include="ElementXML.cxx">
      <Filter>SCU Files</Filter>
    </ClCompile>
  </ItemGroup>
</Project>