Microsoft Visual Studio Solution File, Format Version 8.00
Project("{FAE04EC0-301F-11D3-BF4B-00C04F79EFBC}") = "TestCSharpSML", "TestCSharpSML.csproj", "{29277D02-A002-439F-B3E7-C89C16A21818}"
	ProjectSection(ProjectDependencies) = postProject
	EndProjectSection
EndProject
Global
	GlobalSection(SolutionConfiguration) = preSolution
		Debug = Debug
		Release = Release
	EndGlobalSection
	GlobalSection(ProjectConfiguration) = postSolution
		{29277D02-A002-439F-B3E7-C89C16A21818}.Debug.ActiveCfg = Debug|.NET
		{29277D02-A002-439F-B3E7-C89C16A21818}.Debug.Build.0 = Debug|.NET
		{29277D02-A002-439F-B3E7-C89C16A21818}.Release.ActiveCfg = Release|.NET
		{29277D02-A002-439F-B3E7-C89C16A21818}.Release.Build.0 = Release|.NET
	EndGlobalSection
	GlobalSection(ExtensibilityGlobals) = postSolution
	EndGlobalSection
	GlobalSection(ExtensibilityAddIns) = postSolution
	EndGlobalSection
EndGlobal
