Microsoft Visual Studio Solution File, Format Version 9.00
# Visual Studio 2005
Project("{FAE04EC0-301F-11D3-BF4B-00C04F79EFBC}") = "TestCSharpSML", "TestCSharpSML.csproj", "{29277D02-A002-439F-B3E7-C89C16A21818}"
EndProject
Global
	GlobalSection(SolutionConfigurationPlatforms) = preSolution
		Debug|Any CPU = Debug|Any CPU
		Release|Any CPU = Release|Any CPU
	EndGlobalSection
	GlobalSection(ProjectConfigurationPlatforms) = postSolution
		{29277D02-A002-439F-B3E7-C89C16A21818}.Debug|Any CPU.ActiveCfg = Debug|Any CPU
		{29277D02-A002-439F-B3E7-C89C16A21818}.Debug|Any CPU.Build.0 = Debug|Any CPU
		{29277D02-A002-439F-B3E7-C89C16A21818}.Release|Any CPU.ActiveCfg = Release|Any CPU
		{29277D02-A002-439F-B3E7-C89C16A21818}.Release|Any CPU.Build.0 = Release|Any CPU
	EndGlobalSection
	GlobalSection(SolutionProperties) = preSolution
		HideSolutionNode = FALSE
	EndGlobalSection
EndGlobal
