
Microsoft Visual Studio Solution File, Format Version 10.00
# Visual Studio 2008
Project("{8BC9CEB8-8B4A-11D0-8D11-00A0C91BC942}") = "TestSMLPerformance", "TestSMLPerformance\TestSMLPerformance.vcproj", "{12397B1B-154F-4148-B7C3-1C839967B689}"
EndProject
Project("{8BC9CEB8-8B4A-11D0-8D11-00A0C91BC942}") = "TestSoarPerformance", "TestSoarPerformance\TestSoarPerformance.vcproj", "{31E16893-F132-4371-A451-7BC936385453}"
EndProject
Project("{8BC9CEB8-8B4A-11D0-8D11-00A0C91BC942}") = "TestSMLEvents", "TestSMLEvents\TestSMLEvents.vcproj", "{8EF61FF7-214E-4955-9DBF-CCD164815E9C}"
EndProject
Project("{8BC9CEB8-8B4A-11D0-8D11-00A0C91BC942}") = "TestExternalLibraryLib", "TestExternalLibraryLib\TestExternalLibraryLib.vcproj", "{72B22CA5-D208-4D56-8A14-1C0FB9DCEF55}"
EndProject
Project("{8BC9CEB8-8B4A-11D0-8D11-00A0C91BC942}") = "TestExternalLibrary", "TestExternalLibrary\TestExternalLibrary.vcproj", "{620BC7B9-D45A-44CD-A984-927FDEC2BC3B}"
EndProject
Global
	GlobalSection(SolutionConfigurationPlatforms) = preSolution
		Debug|Win32 = Debug|Win32
		Debug|x64 = Debug|x64
		Release|Win32 = Release|Win32
		Release|x64 = Release|x64
	EndGlobalSection
	GlobalSection(ProjectConfigurationPlatforms) = postSolution
		{12397B1B-154F-4148-B7C3-1C839967B689}.Debug|Win32.ActiveCfg = Debug|Win32
		{12397B1B-154F-4148-B7C3-1C839967B689}.Debug|Win32.Build.0 = Debug|Win32
		{12397B1B-154F-4148-B7C3-1C839967B689}.Debug|x64.ActiveCfg = Debug|x64
		{12397B1B-154F-4148-B7C3-1C839967B689}.Debug|x64.Build.0 = Debug|x64
		{12397B1B-154F-4148-B7C3-1C839967B689}.Release|Win32.ActiveCfg = Release|Win32
		{12397B1B-154F-4148-B7C3-1C839967B689}.Release|Win32.Build.0 = Release|Win32
		{12397B1B-154F-4148-B7C3-1C839967B689}.Release|x64.ActiveCfg = Release|x64
		{12397B1B-154F-4148-B7C3-1C839967B689}.Release|x64.Build.0 = Release|x64
		{31E16893-F132-4371-A451-7BC936385453}.Debug|Win32.ActiveCfg = Debug|Win32
		{31E16893-F132-4371-A451-7BC936385453}.Debug|Win32.Build.0 = Debug|Win32
		{31E16893-F132-4371-A451-7BC936385453}.Debug|x64.ActiveCfg = Debug|x64
		{31E16893-F132-4371-A451-7BC936385453}.Debug|x64.Build.0 = Debug|x64
		{31E16893-F132-4371-A451-7BC936385453}.Release|Win32.ActiveCfg = Release|Win32
		{31E16893-F132-4371-A451-7BC936385453}.Release|Win32.Build.0 = Release|Win32
		{31E16893-F132-4371-A451-7BC936385453}.Release|x64.ActiveCfg = Release|x64
		{31E16893-F132-4371-A451-7BC936385453}.Release|x64.Build.0 = Release|x64
		{8EF61FF7-214E-4955-9DBF-CCD164815E9C}.Debug|Win32.ActiveCfg = Debug|Win32
		{8EF61FF7-214E-4955-9DBF-CCD164815E9C}.Debug|Win32.Build.0 = Debug|Win32
		{8EF61FF7-214E-4955-9DBF-CCD164815E9C}.Debug|x64.ActiveCfg = Debug|x64
		{8EF61FF7-214E-4955-9DBF-CCD164815E9C}.Debug|x64.Build.0 = Debug|x64
		{8EF61FF7-214E-4955-9DBF-CCD164815E9C}.Release|Win32.ActiveCfg = Release|Win32
		{8EF61FF7-214E-4955-9DBF-CCD164815E9C}.Release|Win32.Build.0 = Release|Win32
		{8EF61FF7-214E-4955-9DBF-CCD164815E9C}.Release|x64.ActiveCfg = Release|x64
		{8EF61FF7-214E-4955-9DBF-CCD164815E9C}.Release|x64.Build.0 = Release|x64
		{72B22CA5-D208-4D56-8A14-1C0FB9DCEF55}.Debug|Win32.ActiveCfg = Debug|Win32
		{72B22CA5-D208-4D56-8A14-1C0FB9DCEF55}.Debug|Win32.Build.0 = Debug|Win32
		{72B22CA5-D208-4D56-8A14-1C0FB9DCEF55}.Debug|x64.ActiveCfg = Debug|x64
		{72B22CA5-D208-4D56-8A14-1C0FB9DCEF55}.Debug|x64.Build.0 = Debug|x64
		{72B22CA5-D208-4D56-8A14-1C0FB9DCEF55}.Release|Win32.ActiveCfg = Release|Win32
		{72B22CA5-D208-4D56-8A14-1C0FB9DCEF55}.Release|Win32.Build.0 = Release|Win32
		{72B22CA5-D208-4D56-8A14-1C0FB9DCEF55}.Release|x64.ActiveCfg = Release|x64
		{72B22CA5-D208-4D56-8A14-1C0FB9DCEF55}.Release|x64.Build.0 = Release|x64
		{620BC7B9-D45A-44CD-A984-927FDEC2BC3B}.Debug|Win32.ActiveCfg = Debug|Win32
		{620BC7B9-D45A-44CD-A984-927FDEC2BC3B}.Debug|Win32.Build.0 = Debug|Win32
		{620BC7B9-D45A-44CD-A984-927FDEC2BC3B}.Debug|x64.ActiveCfg = Debug|x64
		{620BC7B9-D45A-44CD-A984-927FDEC2BC3B}.Debug|x64.Build.0 = Debug|x64
		{620BC7B9-D45A-44CD-A984-927FDEC2BC3B}.Release|Win32.ActiveCfg = Release|Win32
		{620BC7B9-D45A-44CD-A984-927FDEC2BC3B}.Release|Win32.Build.0 = Release|Win32
		{620BC7B9-D45A-44CD-A984-927FDEC2BC3B}.Release|x64.ActiveCfg = Release|x64
		{620BC7B9-D45A-44CD-A984-927FDEC2BC3B}.Release|x64.Build.0 = Release|x64
	EndGlobalSection
	GlobalSection(SolutionProperties) = preSolution
		HideSolutionNode = FALSE
	EndGlobalSection
EndGlobal
