Microsoft Visual Studio Solution File, Format Version 9.00
# Visual Studio 2005
Project("{FAE04EC0-301F-11D3-BF4B-00C04F79EFBC}") = "SoarMSRService.Y2008.M03.proxy", "SoarMSRService.Y2008.M03.proxy.csproj", "{20672867-8DFF-4927-A999-C7757A92057C}"
EndProject
Global
	GlobalSection(SolutionConfigurationPlatforms) = preSolution
		Debug|Any CPU = Debug|Any CPU
		Release|Any CPU = Release|Any CPU
	EndGlobalSection
	GlobalSection(ProjectConfigurationPlatforms) = postSolution
		{20672867-8DFF-4927-A999-C7757A92057C}.Debug|Any CPU.ActiveCfg = Debug|Any CPU
		{20672867-8DFF-4927-A999-C7757A92057C}.Debug|Any CPU.Build.0 = Debug|Any CPU
		{20672867-8DFF-4927-A999-C7757A92057C}.Release|Any CPU.ActiveCfg = Release|Any CPU
		{20672867-8DFF-4927-A999-C7757A92057C}.Release|Any CPU.Build.0 = Release|Any CPU
	EndGlobalSection
	GlobalSection(SolutionProperties) = preSolution
		HideSolutionNode = FALSE
	EndGlobalSection
EndGlobal