<?xml version="1.0" encoding="utf-8"?>
<Project ToolsVersion="4.0" xmlns="http://schemas.microsoft.com/developer/msbuild/2003">
  <ItemGroup>
    <Filter Include="Source Files">
      <UniqueIdentifier>{4FC737F1-C7A5-4376-A066-2A32D752A2FF}</UniqueIdentifier>
      <Extensions>cpp;c;cc;def;odl;idl;hpj;bat;asm;asmx</Extensions>
    </Filter>
    <Filter Include="SCU Files">
      <UniqueIdentifier>{adb1d4c2-997d-48b1-82e1-2c75ad12f725}</UniqueIdentifier>
    </Filter>
    <Filter Include="Shared">
      <UniqueIdentifier>{e7bf910f-576d-49a0-9c11-5485c24d492f}</UniqueIdentifier>
    </Filter>
  </ItemGroup>
  <ItemGroup>
    <ClCompile Include="src\agent.cpp">
      <Filter>Source Files</Filter>
    </ClCompile>
    <ClCompile Include="src\backtrace.cpp">
      <Filter>Source Files</Filter>
    </ClCompile>
    <ClCompile Include="src\callback.cpp">
      <Filter>Source Files</Filter>
    </ClCompile>
    <ClCompile Include="src\chunk.cpp">
      <Filter>Source Files</Filter>
    </ClCompile>
    <ClCompile Include="src\consistency.cpp">
      <Filter>Source Files</Filter>
    </ClCompile>
    <ClCompile Include="src\decide.cpp">
      <Filter>Source Files</Filter>
    </ClCompile>
    <ClCompile Include="src\decision_manipulation.cpp">
      <Filter>Source Files</Filter>
    </ClCompile>
    <ClCompile Include="src\episodic_memory.cpp">
      <Filter>Source Files</Filter>
    </ClCompile>
    <ClCompile Include="src\explain.cpp">
      <Filter>Source Files</Filter>
    </ClCompile>
    <ClCompile Include="src\exploration.cpp">
      <Filter>Source Files</Filter>
    </ClCompile>
    <ClCompile Include="src\init_soar.cpp">
      <Filter>Source Files</Filter>
    </ClCompile>
    <ClCompile Include="src\io.cpp">
      <Filter>Source Files</Filter>
    </ClCompile>
    <ClCompile Include="src\lexer.cpp">
      <Filter>Source Files</Filter>
    </ClCompile>
    <ClCompile Include="src\mem.cpp">
      <Filter>Source Files</Filter>
    </ClCompile>
    <ClCompile Include="src\osupport.cpp">
      <Filter>Source Files</Filter>
    </ClCompile>
    <ClCompile Include="src\parser.cpp">
      <Filter>Source Files</Filter>
    </ClCompile>
    <ClCompile Include="src\prefmem.cpp">
      <Filter>Source Files</Filter>
    </ClCompile>
    <ClCompile Include="src\print.cpp">
      <Filter>Source Files</Filter>
    </ClCompile>
    <ClCompile Include="src\production.cpp">
      <Filter>Source Files</Filter>
    </ClCompile>
    <ClCompile Include="src\recmem.cpp">
      <Filter>Source Files</Filter>
    </ClCompile>
    <ClCompile Include="src\reinforcement_learning.cpp">
      <Filter>Source Files</Filter>
    </ClCompile>
    <ClCompile Include="src\reorder.cpp">
      <Filter>Source Files</Filter>
    </ClCompile>
    <ClCompile Include="src\rete.cpp">
      <Filter>Source Files</Filter>
    </ClCompile>
    <ClCompile Include="src\rhsfun.cpp">
      <Filter>Source Files</Filter>
    </ClCompile>
    <ClCompile Include="src\rhsfun_math.cpp">
      <Filter>Source Files</Filter>
    </ClCompile>
    <ClCompile Include="src\semantic_memory.cpp">
      <Filter>Source Files</Filter>
    </ClCompile>
    <ClCompile Include="src\soar_module.cpp">
      <Filter>Source Files</Filter>
    </ClCompile>
    <ClCompile Include="src\soar_rand.cpp">
      <Filter>Source Files</Filter>
    </ClCompile>
    <ClCompile Include="src\symtab.cpp">
      <Filter>Source Files</Filter>
    </ClCompile>
    <ClCompile Include="src\tempmem.cpp">
      <Filter>Source Files</Filter>
    </ClCompile>
    <ClCompile Include="src\trace.cpp">
      <Filter>Source Files</Filter>
    </ClCompile>
    <ClCompile Include="src\utilities.cpp">
      <Filter>Source Files</Filter>
    </ClCompile>
    <ClCompile Include="src\wma.cpp">
      <Filter>Source Files</Filter>
    </ClCompile>
    <ClCompile Include="src\wmem.cpp">
      <Filter>Source Files</Filter>
    </ClCompile>
    <ClCompile Include="src\xml.cpp">
      <Filter>Source Files</Filter>
    </ClCompile>
    <ClCompile Include="SoarKernel.cxx">
      <Filter>SCU Files</Filter>
    </ClCompile>
    <ClCompile Include="sqlite\sqlite3.c">
      <Filter>SCU Files</Filter>
    </ClCompile>
  </ItemGroup>
  <ItemGroup>
    <ClInclude Include="..\shared\Export.h">
      <Filter>Shared</Filter>
    </ClInclude>
    <ClInclude Include="..\shared\misc.h">
      <Filter>Shared</Filter>
    </ClInclude>
    <ClInclude Include="..\shared\pcreposix.h">
      <Filter>Shared</Filter>
    </ClInclude>
    <ClInclude Include="..\shared\portability.h">
      <Filter>Shared</Filter>
    </ClInclude>
    <ClInclude Include="..\shared\portability_posix.h">
      <Filter>Shared</Filter>
    </ClInclude>
    <ClInclude Include="..\shared\portability_windows.h">
      <Filter>Shared</Filter>
    </ClInclude>
    <ClInclude Include="..\shared\soar_TraceNames.h">
      <Filter>Shared</Filter>
    </ClInclude>
    <ClInclude Include="..\shared\soarversion.h">
      <Filter>Shared</Filter>
    </ClInclude>
    <ClInclude Include="..\shared\msvc\stdint.h">
      <Filter>Shared</Filter>
    </ClInclude>
  </ItemGroup>
  <ItemGroup>
    <CustomBuildStep Include="src\agent.h">
      <Filter>Source Files</Filter>
    </CustomBuildStep>
    <CustomBuildStep Include="src\backtrace.h">
      <Filter>Source Files</Filter>
    </CustomBuildStep>
    <CustomBuildStep Include="src\callback.h">
      <Filter>Source Files</Filter>
    </CustomBuildStep>
    <CustomBuildStep Include="src\chunk.h">
      <Filter>Source Files</Filter>
    </CustomBuildStep>
    <CustomBuildStep Include="src\consistency.h">
      <Filter>Source Files</Filter>
    </CustomBuildStep>
    <CustomBuildStep Include="src\decide.h">
      <Filter>Source Files</Filter>
    </CustomBuildStep>
    <CustomBuildStep Include="src\decision_manipulation.h">
      <Filter>Source Files</Filter>
    </CustomBuildStep>
    <CustomBuildStep Include="src\episodic_memory.h">
      <Filter>Source Files</Filter>
    </CustomBuildStep>
    <CustomBuildStep Include="src\explain.h">
      <Filter>Source Files</Filter>
    </CustomBuildStep>
    <CustomBuildStep Include="src\exploration.h">
      <Filter>Source Files</Filter>
    </CustomBuildStep>
    <CustomBuildStep Include="src\gdatastructs.h">
      <Filter>Source Files</Filter>
    </CustomBuildStep>
    <CustomBuildStep Include="src\gsysparam.h">
      <Filter>Source Files</Filter>
    </CustomBuildStep>
    <CustomBuildStep Include="src\init_soar.h">
      <Filter>Source Files</Filter>
    </CustomBuildStep>
    <CustomBuildStep Include="src\instantiations.h">
      <Filter>Source Files</Filter>
    </CustomBuildStep>
    <CustomBuildStep Include="src\io_soar.h">
      <Filter>Source Files</Filter>
    </CustomBuildStep>
    <CustomBuildStep Include="src\kernel.h">
      <Filter>Source Files</Filter>
    </CustomBuildStep>
    <CustomBuildStep Include="src\lexer.h">
      <Filter>Source Files</Filter>
    </CustomBuildStep>
    <CustomBuildStep Include="src\mem.h">
      <Filter>Source Files</Filter>
    </CustomBuildStep>
    <CustomBuildStep Include="src\osupport.h">
      <Filter>Source Files</Filter>
    </CustomBuildStep>
    <CustomBuildStep Include="src\parser.h">
      <Filter>Source Files</Filter>
    </CustomBuildStep>
    <CustomBuildStep Include="src\prefmem.h">
      <Filter>Source Files</Filter>
    </CustomBuildStep>
    <CustomBuildStep Include="src\print.h">
      <Filter>Source Files</Filter>
    </CustomBuildStep>
    <CustomBuildStep Include="src\production.h">
      <Filter>Source Files</Filter>
    </CustomBuildStep>
    <CustomBuildStep Include="src\recmem.h">
      <Filter>Source Files</Filter>
    </CustomBuildStep>
    <CustomBuildStep Include="src\reinforcement_learning.h">
      <Filter>Source Files</Filter>
    </CustomBuildStep>
    <CustomBuildStep Include="src\reorder.h">
      <Filter>Source Files</Filter>
    </CustomBuildStep>
    <CustomBuildStep Include="src\rete.h">
      <Filter>Source Files</Filter>
    </CustomBuildStep>
    <CustomBuildStep Include="src\rhsfun.h">
      <Filter>Source Files</Filter>
    </CustomBuildStep>
    <CustomBuildStep Include="src\rhsfun_math.h">
      <Filter>Source Files</Filter>
    </CustomBuildStep>
    <CustomBuildStep Include="src\semantic_memory.h">
      <Filter>Source Files</Filter>
    </CustomBuildStep>
    <CustomBuildStep Include="src\soar_db.h">
      <Filter>Source Files</Filter>
    </CustomBuildStep>
    <CustomBuildStep Include="src\soar_module.h">
      <Filter>Source Files</Filter>
    </CustomBuildStep>
    <CustomBuildStep Include="src\soar_rand.h">
      <Filter>Source Files</Filter>
    </CustomBuildStep>
    <CustomBuildStep Include="src\soarkernel.h">
      <Filter>Source Files</Filter>
    </CustomBuildStep>
    <CustomBuildStep Include="src\sqlite3.h">
      <Filter>Source Files</Filter>
    </CustomBuildStep>
    <CustomBuildStep Include="src\stl_support.h">
      <Filter>Source Files</Filter>
    </CustomBuildStep>
    <CustomBuildStep Include="src\symtab.h">
      <Filter>Source Files</Filter>
    </CustomBuildStep>
    <CustomBuildStep Include="src\tempmem.h">
      <Filter>Source Files</Filter>
    </CustomBuildStep>
    <CustomBuildStep Include="src\trace.h">
      <Filter>Source Files</Filter>
    </CustomBuildStep>
    <CustomBuildStep Include="src\utilities.h">
      <Filter>Source Files</Filter>
    </CustomBuildStep>
    <CustomBuildStep Include="src\wma.h">
      <Filter>Source Files</Filter>
    </CustomBuildStep>
    <CustomBuildStep Include="src\wmem.h">
      <Filter>Source Files</Filter>
    </CustomBuildStep>
    <CustomBuildStep Include="src\xml.h">
      <Filter>Source Files</Filter>
    </CustomBuildStep>
  </ItemGroup>
</Project>