Microsoft Visual Studio Solution File, Format Version 10.00
# Visual Studio 2008
Project("{8BC9CEB8-8B4A-11D0-8D11-00A0C91BC942}") = "TestCLI", "TestCLI\TestCLI.vcproj", "{DCF419E9-7A52-422D-B9CF-8B70FFC6158D}"
	ProjectSection(ProjectDependencies) = postProject
		{4E0CE93A-58E9-4A0B-B425-104FCE2D5161} = {4E0CE93A-58E9-4A0B-B425-104FCE2D5161}
	EndProjectSection
EndProject
Project("{8BC9CEB8-8B4A-11D0-8D11-00A0C91BC942}") = "Tests", "Tests\Tests.vcproj", "{DBEC0FA9-01A1-4E5A-9B3A-8AFC7A7EBFCF}"
EndProject
Project("{8BC9CEB8-8B4A-11D0-8D11-00A0C91BC942}") = "ClientSMLJava", "ClientSMLSWIG\Java\ClientSMLJava9.vcproj", "{F8B197A4-FC27-4B02-9B08-CD5B16899AAB}"
EndProject
Project("{8BC9CEB8-8B4A-11D0-8D11-00A0C91BC942}") = "ClientSMLPython", "ClientSMLSWIG\Python\ClientSMLPython9.vcproj", "{E03209E8-6CF9-4460-B570-A28F3BFBB402}"
EndProject
Project("{8BC9CEB8-8B4A-11D0-8D11-00A0C91BC942}") = "soar", "soar.vcproj", "{4E0CE93A-58E9-4A0B-B425-104FCE2D5161}"
EndProject
Global
	GlobalSection(SolutionConfigurationPlatforms) = preSolution
		Debug SCU|Win32 = Debug SCU|Win32
		Debug SCU|x64 = Debug SCU|x64
		Debug|Win32 = Debug|Win32
		Debug|x64 = Debug|x64
		Release SCU|Win32 = Release SCU|Win32
		Release SCU|x64 = Release SCU|x64
		Release|Win32 = Release|Win32
		Release|x64 = Release|x64
	EndGlobalSection
	GlobalSection(ProjectConfigurationPlatforms) = postSolution
		{DCF419E9-7A52-422D-B9CF-8B70FFC6158D}.Debug SCU|Win32.ActiveCfg = Debug|Win32
		{DCF419E9-7A52-422D-B9CF-8B70FFC6158D}.Debug SCU|Win32.Build.0 = Debug|Win32
		{DCF419E9-7A52-422D-B9CF-8B70FFC6158D}.Debug SCU|x64.ActiveCfg = Debug|x64
		{DCF419E9-7A52-422D-B9CF-8B70FFC6158D}.Debug SCU|x64.Build.0 = Debug|x64
		{DCF419E9-7A52-422D-B9CF-8B70FFC6158D}.Debug|Win32.ActiveCfg = Debug|Win32
		{DCF419E9-7A52-422D-B9CF-8B70FFC6158D}.Debug|Win32.Build.0 = Debug|Win32
		{DCF419E9-7A52-422D-B9CF-8B70FFC6158D}.Debug|x64.ActiveCfg = Debug|x64
		{DCF419E9-7A52-422D-B9CF-8B70FFC6158D}.Debug|x64.Build.0 = Debug|x64
		{DCF419E9-7A52-422D-B9CF-8B70FFC6158D}.Release SCU|Win32.ActiveCfg = Release|Win32
		{DCF419E9-7A52-422D-B9CF-8B70FFC6158D}.Release SCU|Win32.Build.0 = Release|Win32
		{DCF419E9-7A52-422D-B9CF-8B70FFC6158D}.Release SCU|x64.ActiveCfg = Release|x64
		{DCF419E9-7A52-422D-B9CF-8B70FFC6158D}.Release SCU|x64.Build.0 = Release|x64
		{DCF419E9-7A52-422D-B9CF-8B70FFC6158D}.Release|Win32.ActiveCfg = Release|Win32
		{DCF419E9-7A52-422D-B9CF-8B70FFC6158D}.Release|Win32.Build.0 = Release|Win32
		{DCF419E9-7A52-422D-B9CF-8B70FFC6158D}.Release|x64.ActiveCfg = Release|x64
		{DCF419E9-7A52-422D-B9CF-8B70FFC6158D}.Release|x64.Build.0 = Release|x64
		{DBEC0FA9-01A1-4E5A-9B3A-8AFC7A7EBFCF}.Debug SCU|Win32.ActiveCfg = Debug|Win32
		{DBEC0FA9-01A1-4E5A-9B3A-8AFC7A7EBFCF}.Debug SCU|Win32.Build.0 = Debug|Win32
		{DBEC0FA9-01A1-4E5A-9B3A-8AFC7A7EBFCF}.Debug SCU|x64.ActiveCfg = Debug|x64
		{DBEC0FA9-01A1-4E5A-9B3A-8AFC7A7EBFCF}.Debug SCU|x64.Build.0 = Debug|x64
		{DBEC0FA9-01A1-4E5A-9B3A-8AFC7A7EBFCF}.Debug|Win32.ActiveCfg = Debug|Win32
		{DBEC0FA9-01A1-4E5A-9B3A-8AFC7A7EBFCF}.Debug|Win32.Build.0 = Debug|Win32
		{DBEC0FA9-01A1-4E5A-9B3A-8AFC7A7EBFCF}.Debug|x64.ActiveCfg = Debug|x64
		{DBEC0FA9-01A1-4E5A-9B3A-8AFC7A7EBFCF}.Debug|x64.Build.0 = Debug|x64
		{DBEC0FA9-01A1-4E5A-9B3A-8AFC7A7EBFCF}.Release SCU|Win32.ActiveCfg = Release|Win32
		{DBEC0FA9-01A1-4E5A-9B3A-8AFC7A7EBFCF}.Release SCU|Win32.Build.0 = Release|Win32
		{DBEC0FA9-01A1-4E5A-9B3A-8AFC7A7EBFCF}.Release SCU|x64.ActiveCfg = Release|x64
		{DBEC0FA9-01A1-4E5A-9B3A-8AFC7A7EBFCF}.Release SCU|x64.Build.0 = Release|x64
		{DBEC0FA9-01A1-4E5A-9B3A-8AFC7A7EBFCF}.Release|Win32.ActiveCfg = Release|Win32
		{DBEC0FA9-01A1-4E5A-9B3A-8AFC7A7EBFCF}.Release|Win32.Build.0 = Release|Win32
		{DBEC0FA9-01A1-4E5A-9B3A-8AFC7A7EBFCF}.Release|x64.ActiveCfg = Release|x64
		{DBEC0FA9-01A1-4E5A-9B3A-8AFC7A7EBFCF}.Release|x64.Build.0 = Release|x64
		{F8B197A4-FC27-4B02-9B08-CD5B16899AAB}.Debug SCU|Win32.ActiveCfg = Debug|Win32
		{F8B197A4-FC27-4B02-9B08-CD5B16899AAB}.Debug SCU|Win32.Build.0 = Debug|Win32
		{F8B197A4-FC27-4B02-9B08-CD5B16899AAB}.Debug SCU|x64.ActiveCfg = Debug|x64
		{F8B197A4-FC27-4B02-9B08-CD5B16899AAB}.Debug SCU|x64.Build.0 = Debug|x64
		{F8B197A4-FC27-4B02-9B08-CD5B16899AAB}.Debug|Win32.ActiveCfg = Debug|Win32
		{F8B197A4-FC27-4B02-9B08-CD5B16899AAB}.Debug|Win32.Build.0 = Debug|Win32
		{F8B197A4-FC27-4B02-9B08-CD5B16899AAB}.Debug|x64.ActiveCfg = Debug|x64
		{F8B197A4-FC27-4B02-9B08-CD5B16899AAB}.Debug|x64.Build.0 = Debug|x64
		{F8B197A4-FC27-4B02-9B08-CD5B16899AAB}.Release SCU|Win32.ActiveCfg = Release|Win32
		{F8B197A4-FC27-4B02-9B08-CD5B16899AAB}.Release SCU|Win32.Build.0 = Release|Win32
		{F8B197A4-FC27-4B02-9B08-CD5B16899AAB}.Release SCU|x64.ActiveCfg = Release|x64
		{F8B197A4-FC27-4B02-9B08-CD5B16899AAB}.Release SCU|x64.Build.0 = Release|x64
		{F8B197A4-FC27-4B02-9B08-CD5B16899AAB}.Release|Win32.ActiveCfg = Release|Win32
		{F8B197A4-FC27-4B02-9B08-CD5B16899AAB}.Release|Win32.Build.0 = Release|Win32
		{F8B197A4-FC27-4B02-9B08-CD5B16899AAB}.Release|x64.ActiveCfg = Release|x64
		{F8B197A4-FC27-4B02-9B08-CD5B16899AAB}.Release|x64.Build.0 = Release|x64
		{E03209E8-6CF9-4460-B570-A28F3BFBB402}.Debug SCU|Win32.ActiveCfg = Debug|Win32
		{E03209E8-6CF9-4460-B570-A28F3BFBB402}.Debug SCU|Win32.Build.0 = Debug|Win32
		{E03209E8-6CF9-4460-B570-A28F3BFBB402}.Debug SCU|x64.ActiveCfg = Debug|x64
		{E03209E8-6CF9-4460-B570-A28F3BFBB402}.Debug|Win32.ActiveCfg = Debug|Win32
		{E03209E8-6CF9-4460-B570-A28F3BFBB402}.Debug|Win32.Build.0 = Debug|Win32
		{E03209E8-6CF9-4460-B570-A28F3BFBB402}.Debug|x64.ActiveCfg = Debug|x64
		{E03209E8-6CF9-4460-B570-A28F3BFBB402}.Release SCU|Win32.ActiveCfg = Release|Win32
		{E03209E8-6CF9-4460-B570-A28F3BFBB402}.Release SCU|Win32.Build.0 = Release|Win32
		{E03209E8-6CF9-4460-B570-A28F3BFBB402}.Release SCU|x64.ActiveCfg = Release|x64
		{E03209E8-6CF9-4460-B570-A28F3BFBB402}.Release|Win32.ActiveCfg = Release|Win32
		{E03209E8-6CF9-4460-B570-A28F3BFBB402}.Release|Win32.Build.0 = Release|Win32
		{E03209E8-6CF9-4460-B570-A28F3BFBB402}.Release|x64.ActiveCfg = Release|x64
		{4E0CE93A-58E9-4A0B-B425-104FCE2D5161}.Debug SCU|Win32.ActiveCfg = Debug|Win32
		{4E0CE93A-58E9-4A0B-B425-104FCE2D5161}.Debug SCU|Win32.Build.0 = Debug|Win32
		{4E0CE93A-58E9-4A0B-B425-104FCE2D5161}.Debug SCU|x64.ActiveCfg = Debug|Win32
		{4E0CE93A-58E9-4A0B-B425-104FCE2D5161}.Debug|Win32.ActiveCfg = Debug|Win32
		{4E0CE93A-58E9-4A0B-B425-104FCE2D5161}.Debug|Win32.Build.0 = Debug|Win32
		{4E0CE93A-58E9-4A0B-B425-104FCE2D5161}.Debug|x64.ActiveCfg = Debug|Win32
		{4E0CE93A-58E9-4A0B-B425-104FCE2D5161}.Release SCU|Win32.ActiveCfg = Release|Win32
		{4E0CE93A-58E9-4A0B-B425-104FCE2D5161}.Release SCU|Win32.Build.0 = Release|Win32
		{4E0CE93A-58E9-4A0B-B425-104FCE2D5161}.Release SCU|x64.ActiveCfg = Release|Win32
		{4E0CE93A-58E9-4A0B-B425-104FCE2D5161}.Release|Win32.ActiveCfg = Release|Win32
		{4E0CE93A-58E9-4A0B-B425-104FCE2D5161}.Release|Win32.Build.0 = Release|Win32
		{4E0CE93A-58E9-4A0B-B425-104FCE2D5161}.Release|x64.ActiveCfg = Release|Win32
	EndGlobalSection
	GlobalSection(SolutionProperties) = preSolution
		HideSolutionNode = FALSE
	EndGlobalSection
EndGlobal
