Microsoft Visual Studio Solution File, Format Version 9.00
# Visual Studio 2005
Project("{FAE04EC0-301F-11D3-BF4B-00C04F79EFBC}") = "SimulationTutorial2.Y2006.M06.proxy", "SimulationTutorial2.Y2006.M06.proxy.csproj", "{9AA7DBF7-12A1-481F-8F27-569AD1465B16}"
EndProject
Global
	GlobalSection(SolutionConfigurationPlatforms) = preSolution
		Debug|Any CPU = Debug|Any CPU
		Release|Any CPU = Release|Any CPU
	EndGlobalSection
	GlobalSection(ProjectConfigurationPlatforms) = postSolution
		{9AA7DBF7-12A1-481F-8F27-569AD1465B16}.Debug|Any CPU.ActiveCfg = Debug|Any CPU
		{9AA7DBF7-12A1-481F-8F27-569AD1465B16}.Debug|Any CPU.Build.0 = Debug|Any CPU
		{9AA7DBF7-12A1-481F-8F27-569AD1465B16}.Release|Any CPU.ActiveCfg = Release|Any CPU
		{9AA7DBF7-12A1-481F-8F27-569AD1465B16}.Release|Any CPU.Build.0 = Release|Any CPU
	EndGlobalSection
	GlobalSection(SolutionProperties) = preSolution
		HideSolutionNode = FALSE
	EndGlobalSection
EndGlobal