
Microsoft Visual Studio Solution File, Format Version 10.00
# Visual Studio 2008
Project("{8BC9CEB8-8B4A-11D0-8D11-00A0C91BC942}") = "FilterC", "FilterC.vcproj", "{2A0EC63B-FBCA-4983-BE3D-952F7A6E842A}"
EndProject
Global
	GlobalSection(SolutionConfigurationPlatforms) = preSolution
		Debug|Win32 = Debug|Win32
		Debug|x64 = Debug|x64
		Release|Win32 = Release|Win32
		Release|x64 = Release|x64
	EndGlobalSection
	GlobalSection(ProjectConfigurationPlatforms) = postSolution
		{2A0EC63B-FBCA-4983-BE3D-952F7A6E842A}.Debug|Win32.ActiveCfg = Debug|Win32
		{2A0EC63B-FBCA-4983-BE3D-952F7A6E842A}.Debug|Win32.Build.0 = Debug|Win32
		{2A0EC63B-FBCA-4983-BE3D-952F7A6E842A}.Debug|x64.ActiveCfg = Debug|x64
		{2A0EC63B-FBCA-4983-BE3D-952F7A6E842A}.Debug|x64.Build.0 = Debug|x64
		{2A0EC63B-FBCA-4983-BE3D-952F7A6E842A}.Release|Win32.ActiveCfg = Release|Win32
		{2A0EC63B-FBCA-4983-BE3D-952F7A6E842A}.Release|Win32.Build.0 = Release|Win32
		{2A0EC63B-FBCA-4983-BE3D-952F7A6E842A}.Release|x64.ActiveCfg = Release|x64
		{2A0EC63B-FBCA-4983-BE3D-952F7A6E842A}.Release|x64.Build.0 = Release|x64
	EndGlobalSection
	GlobalSection(SolutionProperties) = preSolution
		HideSolutionNode = FALSE
	EndGlobalSection
EndGlobal
