Microsoft Visual Studio Solution File, Format Version 8.00
Project("{8BC9CEB8-8B4A-11D0-8D11-00A0C91BC942}") = "SoarKernelSource", "src\SoarKernelSource.vcproj", "{F96A4D9A-61F5-45F9-8E56-2D06DEB295F1}"
	ProjectSection(ProjectDependencies) = postProject
	EndProjectSection
EndProject
Global
	GlobalSection(SolutionConfiguration) = preSolution
		Debug = Debug
		Release = Release
	EndGlobalSection
	GlobalSection(ProjectConfiguration) = postSolution
		{F96A4D9A-61F5-45F9-8E56-2D06DEB295F1}.Debug.ActiveCfg = Debug|Win32
		{F96A4D9A-61F5-45F9-8E56-2D06DEB295F1}.Debug.Build.0 = Debug|Win32
		{F96A4D9A-61F5-45F9-8E56-2D06DEB295F1}.Release.ActiveCfg = Release|Win32
		{F96A4D9A-61F5-45F9-8E56-2D06DEB295F1}.Release.Build.0 = Release|Win32
	EndGlobalSection
	GlobalSection(ExtensibilityGlobals) = postSolution
	EndGlobalSection
	GlobalSection(ExtensibilityAddIns) = postSolution
	EndGlobalSection
EndGlobal
