Microsoft Visual Studio Solution File, Format Version 8.00
Project("{8BC9CEB8-8B4A-11D0-8D11-00A0C91BC942}") = "ElementXML", "Core\ElementXML\ElementXML.vcproj", "{E9AB0B6E-F1CA-4A63-817B-AB47F7E5417E}"
	ProjectSection(ProjectDependencies) = postProject
	EndProjectSection
EndProject
Project("{8BC9CEB8-8B4A-11D0-8D11-00A0C91BC942}") = "KernelSML", "Core\KernelSML\KernelSML.vcproj", "{4C6CC3DE-C022-4043-8E73-72FE1E1224C4}"
	ProjectSection(ProjectDependencies) = postProject
	EndProjectSection
EndProject
Project("{8BC9CEB8-8B4A-11D0-8D11-00A0C91BC942}") = "ConnectionSML", "Core\ConnectionSML\ConnectionSML.vcproj", "{161DC1AD-FB4B-4370-9FD5-B02E2A0D8A36}"
	ProjectSection(ProjectDependencies) = postProject
	EndProjectSection
EndProject
Project("{8BC9CEB8-8B4A-11D0-8D11-00A0C91BC942}") = "ClientSML", "Core\ClientSML\ClientSML.vcproj", "{3EDBED11-A1B3-4E00-8B6E-652523D482F0}"
	ProjectSection(ProjectDependencies) = postProject
	EndProjectSection
EndProject
Project("{8BC9CEB8-8B4A-11D0-8D11-00A0C91BC942}") = "CommandLineInterface", "Core\CLI\CommandLineInterface.vcproj", "{6B2CBC5A-4A7A-46BB-9274-6C91262E9374}"
	ProjectSection(ProjectDependencies) = postProject
	EndProjectSection
EndProject
Project("{8BC9CEB8-8B4A-11D0-8D11-00A0C91BC942}") = "SoarKernel", "Core\Kernel\SoarKernel.vcproj", "{A2A1BE53-FFE4-4668-91FE-4613C1F36BB2}"
	ProjectSection(ProjectDependencies) = postProject
	EndProjectSection
EndProject
Project("{8BC9CEB8-8B4A-11D0-8D11-00A0C91BC942}") = "gSKI", "Core\gSKI\gSKI.vcproj", "{0F4205EE-35EA-4421-8F74-513603FF003F}"
	ProjectSection(ProjectDependencies) = postProject
	EndProjectSection
EndProject
Project("{8BC9CEB8-8B4A-11D0-8D11-00A0C91BC942}") = "ClientSMLJava", "Core\ClientSMLSWIG\Java\ClientSMLJava.vcproj", "{F8B197A4-FC27-4B02-9B08-CD5B16899AAB}"
	ProjectSection(ProjectDependencies) = postProject
	EndProjectSection
EndProject
Project("{8BC9CEB8-8B4A-11D0-8D11-00A0C91BC942}") = "ClientSMLTcl", "Core\ClientSMLSWIG\Tcl\ClientSMLTcl.vcproj", "{45B36CE7-2FAB-4BBB-A1E3-50BDA1C1E59B}"
	ProjectSection(ProjectDependencies) = postProject
	EndProjectSection
EndProject
Project("{8BC9CEB8-8B4A-11D0-8D11-00A0C91BC942}") = "ClientSMLCSharp", "Core\ClientSMLSWIG\CSharp\ClientSMLCSharp.vcproj", "{ECE01FC0-7FF9-4C82-AAFF-47C704CBF4BF}"
	ProjectSection(ProjectDependencies) = postProject
	EndProjectSection
EndProject
Project("{8BC9CEB8-8B4A-11D0-8D11-00A0C91BC942}") = "TestCommandLineInterface", "Tools\TestCLI\TestCommandLineInterface.vcproj", "{DCF419E9-7A52-422D-B9CF-8B70FFC6158D}"
	ProjectSection(ProjectDependencies) = postProject
	EndProjectSection
EndProject
Project("{8BC9CEB8-8B4A-11D0-8D11-00A0C91BC942}") = "TestClientSML", "Tools\TestClientSML\TestClientSML.vcproj", "{A42713E1-1933-4AD4-8C7C-6A428B3C44E2}"
	ProjectSection(ProjectDependencies) = postProject
	EndProjectSection
EndProject
Project("{8BC9CEB8-8B4A-11D0-8D11-00A0C91BC942}") = "TestConnectionSML", "Tools\TestConnectionSML\TestConnectionSML.vcproj", "{3AA3B75A-7A98-4538-AE12-E8CE7F2FFF92}"
	ProjectSection(ProjectDependencies) = postProject
	EndProjectSection
EndProject
Project("{FAE04EC0-301F-11D3-BF4B-00C04F79EFBC}") = "TestCSharpSML", "Tools\TestCSharpSML\TestCSharpSML.csproj", "{29277D02-A002-439F-B3E7-C89C16A21818}"
	ProjectSection(ProjectDependencies) = postProject
	EndProjectSection
EndProject
Project("{8BC9CEB8-8B4A-11D0-8D11-00A0C91BC942}") = "TestSMLEvents", "Tools\TestSMLEvents\TestSMLEvents.vcproj", "{8EF61FF7-214E-4955-9DBF-CCD164815E9C}"
	ProjectSection(ProjectDependencies) = postProject
	EndProjectSection
EndProject
Project("{8BC9CEB8-8B4A-11D0-8D11-00A0C91BC942}") = "TestSoarPerformance", "Tools\TestSoarPerformance\TestSoarPerformance.vcproj", "{31E16893-F132-4371-A451-7BC936385453}"
	ProjectSection(ProjectDependencies) = postProject
	EndProjectSection
EndProject
Project("{8BC9CEB8-8B4A-11D0-8D11-00A0C91BC942}") = "towersSML", "Tools\TOHSML\towersSML.vcproj", "{3B7AC15A-ECCD-49CF-86D9-D813D2ABE979}"
	ProjectSection(ProjectDependencies) = postProject
	EndProjectSection
EndProject
Global
	GlobalSection(SolutionConfiguration) = preSolution
		Debug = Debug
		Debug (Core) = Debug (Core)
		Debug (gSKI DLL) = Debug (gSKI DLL)
		Debug (no SWIG) = Debug (no SWIG)
		Release = Release
		Release (Core) = Release (Core)
		Release (gSKI DLL) = Release (gSKI DLL)
		Release (no SWIG) = Release (no SWIG)
	EndGlobalSection
	GlobalSection(ProjectConfiguration) = postSolution
		{E9AB0B6E-F1CA-4A63-817B-AB47F7E5417E}.Debug.ActiveCfg = Debug|Win32
		{E9AB0B6E-F1CA-4A63-817B-AB47F7E5417E}.Debug.Build.0 = Debug|Win32
		{E9AB0B6E-F1CA-4A63-817B-AB47F7E5417E}.Debug (Core).ActiveCfg = Debug|Win32
		{E9AB0B6E-F1CA-4A63-817B-AB47F7E5417E}.Debug (Core).Build.0 = Debug|Win32
		{E9AB0B6E-F1CA-4A63-817B-AB47F7E5417E}.Debug (gSKI DLL).ActiveCfg = Debug|Win32
		{E9AB0B6E-F1CA-4A63-817B-AB47F7E5417E}.Debug (gSKI DLL).Build.0 = Debug|Win32
		{E9AB0B6E-F1CA-4A63-817B-AB47F7E5417E}.Debug (no SWIG).ActiveCfg = Debug|Win32
		{E9AB0B6E-F1CA-4A63-817B-AB47F7E5417E}.Debug (no SWIG).Build.0 = Debug|Win32
		{E9AB0B6E-F1CA-4A63-817B-AB47F7E5417E}.Release.ActiveCfg = Release|Win32
		{E9AB0B6E-F1CA-4A63-817B-AB47F7E5417E}.Release.Build.0 = Release|Win32
		{E9AB0B6E-F1CA-4A63-817B-AB47F7E5417E}.Release (Core).ActiveCfg = Release|Win32
		{E9AB0B6E-F1CA-4A63-817B-AB47F7E5417E}.Release (Core).Build.0 = Release|Win32
		{E9AB0B6E-F1CA-4A63-817B-AB47F7E5417E}.Release (gSKI DLL).ActiveCfg = Release|Win32
		{E9AB0B6E-F1CA-4A63-817B-AB47F7E5417E}.Release (gSKI DLL).Build.0 = Release|Win32
		{E9AB0B6E-F1CA-4A63-817B-AB47F7E5417E}.Release (no SWIG).ActiveCfg = Release|Win32
		{E9AB0B6E-F1CA-4A63-817B-AB47F7E5417E}.Release (no SWIG).Build.0 = Release|Win32
		{4C6CC3DE-C022-4043-8E73-72FE1E1224C4}.Debug.ActiveCfg = Debug|Win32
		{4C6CC3DE-C022-4043-8E73-72FE1E1224C4}.Debug.Build.0 = Debug|Win32
		{4C6CC3DE-C022-4043-8E73-72FE1E1224C4}.Debug (Core).ActiveCfg = Debug|Win32
		{4C6CC3DE-C022-4043-8E73-72FE1E1224C4}.Debug (Core).Build.0 = Debug|Win32
		{4C6CC3DE-C022-4043-8E73-72FE1E1224C4}.Debug (gSKI DLL).ActiveCfg = Debug|Win32
		{4C6CC3DE-C022-4043-8E73-72FE1E1224C4}.Debug (gSKI DLL).Build.0 = Debug|Win32
		{4C6CC3DE-C022-4043-8E73-72FE1E1224C4}.Debug (no SWIG).ActiveCfg = Debug|Win32
		{4C6CC3DE-C022-4043-8E73-72FE1E1224C4}.Debug (no SWIG).Build.0 = Debug|Win32
		{4C6CC3DE-C022-4043-8E73-72FE1E1224C4}.Release.ActiveCfg = Release|Win32
		{4C6CC3DE-C022-4043-8E73-72FE1E1224C4}.Release.Build.0 = Release|Win32
		{4C6CC3DE-C022-4043-8E73-72FE1E1224C4}.Release (Core).ActiveCfg = Release|Win32
		{4C6CC3DE-C022-4043-8E73-72FE1E1224C4}.Release (Core).Build.0 = Release|Win32
		{4C6CC3DE-C022-4043-8E73-72FE1E1224C4}.Release (gSKI DLL).ActiveCfg = Release|Win32
		{4C6CC3DE-C022-4043-8E73-72FE1E1224C4}.Release (gSKI DLL).Build.0 = Release|Win32
		{4C6CC3DE-C022-4043-8E73-72FE1E1224C4}.Release (no SWIG).ActiveCfg = Release|Win32
		{4C6CC3DE-C022-4043-8E73-72FE1E1224C4}.Release (no SWIG).Build.0 = Release|Win32
		{161DC1AD-FB4B-4370-9FD5-B02E2A0D8A36}.Debug.ActiveCfg = Debug|Win32
		{161DC1AD-FB4B-4370-9FD5-B02E2A0D8A36}.Debug.Build.0 = Debug|Win32
		{161DC1AD-FB4B-4370-9FD5-B02E2A0D8A36}.Debug (Core).ActiveCfg = Debug|Win32
		{161DC1AD-FB4B-4370-9FD5-B02E2A0D8A36}.Debug (Core).Build.0 = Debug|Win32
		{161DC1AD-FB4B-4370-9FD5-B02E2A0D8A36}.Debug (gSKI DLL).ActiveCfg = Debug|Win32
		{161DC1AD-FB4B-4370-9FD5-B02E2A0D8A36}.Debug (gSKI DLL).Build.0 = Debug|Win32
		{161DC1AD-FB4B-4370-9FD5-B02E2A0D8A36}.Debug (no SWIG).ActiveCfg = Debug|Win32
		{161DC1AD-FB4B-4370-9FD5-B02E2A0D8A36}.Debug (no SWIG).Build.0 = Debug|Win32
		{161DC1AD-FB4B-4370-9FD5-B02E2A0D8A36}.Release.ActiveCfg = Release|Win32
		{161DC1AD-FB4B-4370-9FD5-B02E2A0D8A36}.Release.Build.0 = Release|Win32
		{161DC1AD-FB4B-4370-9FD5-B02E2A0D8A36}.Release (Core).ActiveCfg = Release|Win32
		{161DC1AD-FB4B-4370-9FD5-B02E2A0D8A36}.Release (Core).Build.0 = Release|Win32
		{161DC1AD-FB4B-4370-9FD5-B02E2A0D8A36}.Release (gSKI DLL).ActiveCfg = Release|Win32
		{161DC1AD-FB4B-4370-9FD5-B02E2A0D8A36}.Release (gSKI DLL).Build.0 = Release|Win32
		{161DC1AD-FB4B-4370-9FD5-B02E2A0D8A36}.Release (no SWIG).ActiveCfg = Release|Win32
		{161DC1AD-FB4B-4370-9FD5-B02E2A0D8A36}.Release (no SWIG).Build.0 = Release|Win32
		{3EDBED11-A1B3-4E00-8B6E-652523D482F0}.Debug.ActiveCfg = Debug|Win32
		{3EDBED11-A1B3-4E00-8B6E-652523D482F0}.Debug.Build.0 = Debug|Win32
		{3EDBED11-A1B3-4E00-8B6E-652523D482F0}.Debug (Core).ActiveCfg = Debug|Win32
		{3EDBED11-A1B3-4E00-8B6E-652523D482F0}.Debug (Core).Build.0 = Debug|Win32
		{3EDBED11-A1B3-4E00-8B6E-652523D482F0}.Debug (gSKI DLL).ActiveCfg = Debug|Win32
		{3EDBED11-A1B3-4E00-8B6E-652523D482F0}.Debug (gSKI DLL).Build.0 = Debug|Win32
		{3EDBED11-A1B3-4E00-8B6E-652523D482F0}.Debug (no SWIG).ActiveCfg = Debug|Win32
		{3EDBED11-A1B3-4E00-8B6E-652523D482F0}.Debug (no SWIG).Build.0 = Debug|Win32
		{3EDBED11-A1B3-4E00-8B6E-652523D482F0}.Release.ActiveCfg = Release|Win32
		{3EDBED11-A1B3-4E00-8B6E-652523D482F0}.Release.Build.0 = Release|Win32
		{3EDBED11-A1B3-4E00-8B6E-652523D482F0}.Release (Core).ActiveCfg = Release|Win32
		{3EDBED11-A1B3-4E00-8B6E-652523D482F0}.Release (Core).Build.0 = Release|Win32
		{3EDBED11-A1B3-4E00-8B6E-652523D482F0}.Release (gSKI DLL).ActiveCfg = Release|Win32
		{3EDBED11-A1B3-4E00-8B6E-652523D482F0}.Release (gSKI DLL).Build.0 = Release|Win32
		{3EDBED11-A1B3-4E00-8B6E-652523D482F0}.Release (no SWIG).ActiveCfg = Release|Win32
		{3EDBED11-A1B3-4E00-8B6E-652523D482F0}.Release (no SWIG).Build.0 = Release|Win32
		{6B2CBC5A-4A7A-46BB-9274-6C91262E9374}.Debug.ActiveCfg = Debug|Win32
		{6B2CBC5A-4A7A-46BB-9274-6C91262E9374}.Debug.Build.0 = Debug|Win32
		{6B2CBC5A-4A7A-46BB-9274-6C91262E9374}.Debug (Core).ActiveCfg = Debug|Win32
		{6B2CBC5A-4A7A-46BB-9274-6C91262E9374}.Debug (Core).Build.0 = Debug|Win32
		{6B2CBC5A-4A7A-46BB-9274-6C91262E9374}.Debug (gSKI DLL).ActiveCfg = Debug|Win32
		{6B2CBC5A-4A7A-46BB-9274-6C91262E9374}.Debug (gSKI DLL).Build.0 = Debug|Win32
		{6B2CBC5A-4A7A-46BB-9274-6C91262E9374}.Debug (no SWIG).ActiveCfg = Debug|Win32
		{6B2CBC5A-4A7A-46BB-9274-6C91262E9374}.Debug (no SWIG).Build.0 = Debug|Win32
		{6B2CBC5A-4A7A-46BB-9274-6C91262E9374}.Release.ActiveCfg = Release|Win32
		{6B2CBC5A-4A7A-46BB-9274-6C91262E9374}.Release.Build.0 = Release|Win32
		{6B2CBC5A-4A7A-46BB-9274-6C91262E9374}.Release (Core).ActiveCfg = Release|Win32
		{6B2CBC5A-4A7A-46BB-9274-6C91262E9374}.Release (Core).Build.0 = Release|Win32
		{6B2CBC5A-4A7A-46BB-9274-6C91262E9374}.Release (gSKI DLL).ActiveCfg = Release|Win32
		{6B2CBC5A-4A7A-46BB-9274-6C91262E9374}.Release (gSKI DLL).Build.0 = Release|Win32
		{6B2CBC5A-4A7A-46BB-9274-6C91262E9374}.Release (no SWIG).ActiveCfg = Release|Win32
		{6B2CBC5A-4A7A-46BB-9274-6C91262E9374}.Release (no SWIG).Build.0 = Release|Win32
		{A2A1BE53-FFE4-4668-91FE-4613C1F36BB2}.Debug.ActiveCfg = Debug|Win32
		{A2A1BE53-FFE4-4668-91FE-4613C1F36BB2}.Debug.Build.0 = Debug|Win32
		{A2A1BE53-FFE4-4668-91FE-4613C1F36BB2}.Debug (Core).ActiveCfg = Debug|Win32
		{A2A1BE53-FFE4-4668-91FE-4613C1F36BB2}.Debug (Core).Build.0 = Debug|Win32
		{A2A1BE53-FFE4-4668-91FE-4613C1F36BB2}.Debug (gSKI DLL).ActiveCfg = Debug|Win32
		{A2A1BE53-FFE4-4668-91FE-4613C1F36BB2}.Debug (gSKI DLL).Build.0 = Debug|Win32
		{A2A1BE53-FFE4-4668-91FE-4613C1F36BB2}.Debug (no SWIG).ActiveCfg = Debug|Win32
		{A2A1BE53-FFE4-4668-91FE-4613C1F36BB2}.Debug (no SWIG).Build.0 = Debug|Win32
		{A2A1BE53-FFE4-4668-91FE-4613C1F36BB2}.Release.ActiveCfg = Release|Win32
		{A2A1BE53-FFE4-4668-91FE-4613C1F36BB2}.Release.Build.0 = Release|Win32
		{A2A1BE53-FFE4-4668-91FE-4613C1F36BB2}.Release (Core).ActiveCfg = Release|Win32
		{A2A1BE53-FFE4-4668-91FE-4613C1F36BB2}.Release (Core).Build.0 = Release|Win32
		{A2A1BE53-FFE4-4668-91FE-4613C1F36BB2}.Release (gSKI DLL).ActiveCfg = Release|Win32
		{A2A1BE53-FFE4-4668-91FE-4613C1F36BB2}.Release (gSKI DLL).Build.0 = Release|Win32
		{A2A1BE53-FFE4-4668-91FE-4613C1F36BB2}.Release (no SWIG).ActiveCfg = Release|Win32
		{A2A1BE53-FFE4-4668-91FE-4613C1F36BB2}.Release (no SWIG).Build.0 = Release|Win32
		{0F4205EE-35EA-4421-8F74-513603FF003F}.Debug.ActiveCfg = Debug|Win32
		{0F4205EE-35EA-4421-8F74-513603FF003F}.Debug.Build.0 = Debug|Win32
		{0F4205EE-35EA-4421-8F74-513603FF003F}.Debug (Core).ActiveCfg = Debug|Win32
		{0F4205EE-35EA-4421-8F74-513603FF003F}.Debug (Core).Build.0 = Debug|Win32
		{0F4205EE-35EA-4421-8F74-513603FF003F}.Debug (gSKI DLL).ActiveCfg = Debug-DLL|Win32
		{0F4205EE-35EA-4421-8F74-513603FF003F}.Debug (gSKI DLL).Build.0 = Debug-DLL|Win32
		{0F4205EE-35EA-4421-8F74-513603FF003F}.Debug (no SWIG).ActiveCfg = Debug|Win32
		{0F4205EE-35EA-4421-8F74-513603FF003F}.Debug (no SWIG).Build.0 = Debug|Win32
		{0F4205EE-35EA-4421-8F74-513603FF003F}.Release.ActiveCfg = Release|Win32
		{0F4205EE-35EA-4421-8F74-513603FF003F}.Release.Build.0 = Release|Win32
		{0F4205EE-35EA-4421-8F74-513603FF003F}.Release (Core).ActiveCfg = Release|Win32
		{0F4205EE-35EA-4421-8F74-513603FF003F}.Release (Core).Build.0 = Release|Win32
		{0F4205EE-35EA-4421-8F74-513603FF003F}.Release (gSKI DLL).ActiveCfg = Release-DLL|Win32
		{0F4205EE-35EA-4421-8F74-513603FF003F}.Release (gSKI DLL).Build.0 = Release-DLL|Win32
		{0F4205EE-35EA-4421-8F74-513603FF003F}.Release (no SWIG).ActiveCfg = Release|Win32
		{0F4205EE-35EA-4421-8F74-513603FF003F}.Release (no SWIG).Build.0 = Release|Win32
		{F8B197A4-FC27-4B02-9B08-CD5B16899AAB}.Debug.ActiveCfg = Debug|Win32
		{F8B197A4-FC27-4B02-9B08-CD5B16899AAB}.Debug.Build.0 = Debug|Win32
		{F8B197A4-FC27-4B02-9B08-CD5B16899AAB}.Debug (Core).ActiveCfg = Debug|Win32
		{F8B197A4-FC27-4B02-9B08-CD5B16899AAB}.Debug (gSKI DLL).ActiveCfg = Debug|Win32
		{F8B197A4-FC27-4B02-9B08-CD5B16899AAB}.Debug (gSKI DLL).Build.0 = Debug|Win32
		{F8B197A4-FC27-4B02-9B08-CD5B16899AAB}.Debug (no SWIG).ActiveCfg = Debug|Win32
		{F8B197A4-FC27-4B02-9B08-CD5B16899AAB}.Release.ActiveCfg = Release|Win32
		{F8B197A4-FC27-4B02-9B08-CD5B16899AAB}.Release.Build.0 = Release|Win32
		{F8B197A4-FC27-4B02-9B08-CD5B16899AAB}.Release (Core).ActiveCfg = Release|Win32
		{F8B197A4-FC27-4B02-9B08-CD5B16899AAB}.Release (gSKI DLL).ActiveCfg = Release|Win32
		{F8B197A4-FC27-4B02-9B08-CD5B16899AAB}.Release (gSKI DLL).Build.0 = Release|Win32
		{F8B197A4-FC27-4B02-9B08-CD5B16899AAB}.Release (no SWIG).ActiveCfg = Release|Win32
		{45B36CE7-2FAB-4BBB-A1E3-50BDA1C1E59B}.Debug.ActiveCfg = Debug|Win32
		{45B36CE7-2FAB-4BBB-A1E3-50BDA1C1E59B}.Debug.Build.0 = Debug|Win32
		{45B36CE7-2FAB-4BBB-A1E3-50BDA1C1E59B}.Debug (Core).ActiveCfg = Debug|Win32
		{45B36CE7-2FAB-4BBB-A1E3-50BDA1C1E59B}.Debug (gSKI DLL).ActiveCfg = Debug|Win32
		{45B36CE7-2FAB-4BBB-A1E3-50BDA1C1E59B}.Debug (gSKI DLL).Build.0 = Debug|Win32
		{45B36CE7-2FAB-4BBB-A1E3-50BDA1C1E59B}.Debug (no SWIG).ActiveCfg = Debug|Win32
		{45B36CE7-2FAB-4BBB-A1E3-50BDA1C1E59B}.Release.ActiveCfg = Release|Win32
		{45B36CE7-2FAB-4BBB-A1E3-50BDA1C1E59B}.Release.Build.0 = Release|Win32
		{45B36CE7-2FAB-4BBB-A1E3-50BDA1C1E59B}.Release (Core).ActiveCfg = Release|Win32
		{45B36CE7-2FAB-4BBB-A1E3-50BDA1C1E59B}.Release (gSKI DLL).ActiveCfg = Release|Win32
		{45B36CE7-2FAB-4BBB-A1E3-50BDA1C1E59B}.Release (gSKI DLL).Build.0 = Release|Win32
		{45B36CE7-2FAB-4BBB-A1E3-50BDA1C1E59B}.Release (no SWIG).ActiveCfg = Release|Win32
		{ECE01FC0-7FF9-4C82-AAFF-47C704CBF4BF}.Debug.ActiveCfg = Debug|Win32
		{ECE01FC0-7FF9-4C82-AAFF-47C704CBF4BF}.Debug.Build.0 = Debug|Win32
		{ECE01FC0-7FF9-4C82-AAFF-47C704CBF4BF}.Debug (Core).ActiveCfg = Debug|Win32
		{ECE01FC0-7FF9-4C82-AAFF-47C704CBF4BF}.Debug (gSKI DLL).ActiveCfg = Debug|Win32
		{ECE01FC0-7FF9-4C82-AAFF-47C704CBF4BF}.Debug (gSKI DLL).Build.0 = Debug|Win32
		{ECE01FC0-7FF9-4C82-AAFF-47C704CBF4BF}.Debug (no SWIG).ActiveCfg = Debug|Win32
		{ECE01FC0-7FF9-4C82-AAFF-47C704CBF4BF}.Release.ActiveCfg = Release|Win32
		{ECE01FC0-7FF9-4C82-AAFF-47C704CBF4BF}.Release.Build.0 = Release|Win32
		{ECE01FC0-7FF9-4C82-AAFF-47C704CBF4BF}.Release (Core).ActiveCfg = Release|Win32
		{ECE01FC0-7FF9-4C82-AAFF-47C704CBF4BF}.Release (gSKI DLL).ActiveCfg = Release|Win32
		{ECE01FC0-7FF9-4C82-AAFF-47C704CBF4BF}.Release (gSKI DLL).Build.0 = Release|Win32
		{ECE01FC0-7FF9-4C82-AAFF-47C704CBF4BF}.Release (no SWIG).ActiveCfg = Release|Win32
		{DCF419E9-7A52-422D-B9CF-8B70FFC6158D}.Debug.ActiveCfg = Debug|Win32
		{DCF419E9-7A52-422D-B9CF-8B70FFC6158D}.Debug.Build.0 = Debug|Win32
		{DCF419E9-7A52-422D-B9CF-8B70FFC6158D}.Debug (Core).ActiveCfg = Debug|Win32
		{DCF419E9-7A52-422D-B9CF-8B70FFC6158D}.Debug (gSKI DLL).ActiveCfg = Debug|Win32
		{DCF419E9-7A52-422D-B9CF-8B70FFC6158D}.Debug (gSKI DLL).Build.0 = Debug|Win32
		{DCF419E9-7A52-422D-B9CF-8B70FFC6158D}.Debug (no SWIG).ActiveCfg = Debug|Win32
		{DCF419E9-7A52-422D-B9CF-8B70FFC6158D}.Debug (no SWIG).Build.0 = Debug|Win32
		{DCF419E9-7A52-422D-B9CF-8B70FFC6158D}.Release.ActiveCfg = Release|Win32
		{DCF419E9-7A52-422D-B9CF-8B70FFC6158D}.Release.Build.0 = Release|Win32
		{DCF419E9-7A52-422D-B9CF-8B70FFC6158D}.Release (Core).ActiveCfg = Release|Win32
		{DCF419E9-7A52-422D-B9CF-8B70FFC6158D}.Release (gSKI DLL).ActiveCfg = Release|Win32
		{DCF419E9-7A52-422D-B9CF-8B70FFC6158D}.Release (gSKI DLL).Build.0 = Release|Win32
		{DCF419E9-7A52-422D-B9CF-8B70FFC6158D}.Release (no SWIG).ActiveCfg = Release|Win32
		{DCF419E9-7A52-422D-B9CF-8B70FFC6158D}.Release (no SWIG).Build.0 = Release|Win32
		{A42713E1-1933-4AD4-8C7C-6A428B3C44E2}.Debug.ActiveCfg = Debug|Win32
		{A42713E1-1933-4AD4-8C7C-6A428B3C44E2}.Debug.Build.0 = Debug|Win32
		{A42713E1-1933-4AD4-8C7C-6A428B3C44E2}.Debug (Core).ActiveCfg = Debug|Win32
		{A42713E1-1933-4AD4-8C7C-6A428B3C44E2}.Debug (gSKI DLL).ActiveCfg = Debug|Win32
		{A42713E1-1933-4AD4-8C7C-6A428B3C44E2}.Debug (gSKI DLL).Build.0 = Debug|Win32
		{A42713E1-1933-4AD4-8C7C-6A428B3C44E2}.Debug (no SWIG).ActiveCfg = Debug|Win32
		{A42713E1-1933-4AD4-8C7C-6A428B3C44E2}.Debug (no SWIG).Build.0 = Debug|Win32
		{A42713E1-1933-4AD4-8C7C-6A428B3C44E2}.Release.ActiveCfg = Release|Win32
		{A42713E1-1933-4AD4-8C7C-6A428B3C44E2}.Release.Build.0 = Release|Win32
		{A42713E1-1933-4AD4-8C7C-6A428B3C44E2}.Release (Core).ActiveCfg = Release|Win32
		{A42713E1-1933-4AD4-8C7C-6A428B3C44E2}.Release (gSKI DLL).ActiveCfg = Release|Win32
		{A42713E1-1933-4AD4-8C7C-6A428B3C44E2}.Release (gSKI DLL).Build.0 = Release|Win32
		{A42713E1-1933-4AD4-8C7C-6A428B3C44E2}.Release (no SWIG).ActiveCfg = Release|Win32
		{A42713E1-1933-4AD4-8C7C-6A428B3C44E2}.Release (no SWIG).Build.0 = Release|Win32
		{3AA3B75A-7A98-4538-AE12-E8CE7F2FFF92}.Debug.ActiveCfg = Debug|Win32
		{3AA3B75A-7A98-4538-AE12-E8CE7F2FFF92}.Debug.Build.0 = Debug|Win32
		{3AA3B75A-7A98-4538-AE12-E8CE7F2FFF92}.Debug (Core).ActiveCfg = Debug|Win32
		{3AA3B75A-7A98-4538-AE12-E8CE7F2FFF92}.Debug (gSKI DLL).ActiveCfg = Debug|Win32
		{3AA3B75A-7A98-4538-AE12-E8CE7F2FFF92}.Debug (gSKI DLL).Build.0 = Debug|Win32
		{3AA3B75A-7A98-4538-AE12-E8CE7F2FFF92}.Debug (no SWIG).ActiveCfg = Debug|Win32
		{3AA3B75A-7A98-4538-AE12-E8CE7F2FFF92}.Debug (no SWIG).Build.0 = Debug|Win32
		{3AA3B75A-7A98-4538-AE12-E8CE7F2FFF92}.Release.ActiveCfg = Release|Win32
		{3AA3B75A-7A98-4538-AE12-E8CE7F2FFF92}.Release.Build.0 = Release|Win32
		{3AA3B75A-7A98-4538-AE12-E8CE7F2FFF92}.Release (Core).ActiveCfg = Release|Win32
		{3AA3B75A-7A98-4538-AE12-E8CE7F2FFF92}.Release (gSKI DLL).ActiveCfg = Release|Win32
		{3AA3B75A-7A98-4538-AE12-E8CE7F2FFF92}.Release (gSKI DLL).Build.0 = Release|Win32
		{3AA3B75A-7A98-4538-AE12-E8CE7F2FFF92}.Release (no SWIG).ActiveCfg = Release|Win32
		{3AA3B75A-7A98-4538-AE12-E8CE7F2FFF92}.Release (no SWIG).Build.0 = Release|Win32
		{29277D02-A002-439F-B3E7-C89C16A21818}.Debug.ActiveCfg = Debug|.NET
		{29277D02-A002-439F-B3E7-C89C16A21818}.Debug.Build.0 = Debug|.NET
		{29277D02-A002-439F-B3E7-C89C16A21818}.Debug (Core).ActiveCfg = Debug|.NET
		{29277D02-A002-439F-B3E7-C89C16A21818}.Debug (gSKI DLL).ActiveCfg = Debug|.NET
		{29277D02-A002-439F-B3E7-C89C16A21818}.Debug (gSKI DLL).Build.0 = Debug|.NET
		{29277D02-A002-439F-B3E7-C89C16A21818}.Debug (no SWIG).ActiveCfg = Debug|.NET
		{29277D02-A002-439F-B3E7-C89C16A21818}.Release.ActiveCfg = Release|.NET
		{29277D02-A002-439F-B3E7-C89C16A21818}.Release.Build.0 = Release|.NET
		{29277D02-A002-439F-B3E7-C89C16A21818}.Release (Core).ActiveCfg = Release|.NET
		{29277D02-A002-439F-B3E7-C89C16A21818}.Release (gSKI DLL).ActiveCfg = Release|.NET
		{29277D02-A002-439F-B3E7-C89C16A21818}.Release (gSKI DLL).Build.0 = Release|.NET
		{29277D02-A002-439F-B3E7-C89C16A21818}.Release (no SWIG).ActiveCfg = Release|.NET
		{8EF61FF7-214E-4955-9DBF-CCD164815E9C}.Debug.ActiveCfg = Debug|Win32
		{8EF61FF7-214E-4955-9DBF-CCD164815E9C}.Debug.Build.0 = Debug|Win32
		{8EF61FF7-214E-4955-9DBF-CCD164815E9C}.Debug (Core).ActiveCfg = Debug|Win32
		{8EF61FF7-214E-4955-9DBF-CCD164815E9C}.Debug (gSKI DLL).ActiveCfg = Debug|Win32
		{8EF61FF7-214E-4955-9DBF-CCD164815E9C}.Debug (gSKI DLL).Build.0 = Debug|Win32
		{8EF61FF7-214E-4955-9DBF-CCD164815E9C}.Debug (no SWIG).ActiveCfg = Debug|Win32
		{8EF61FF7-214E-4955-9DBF-CCD164815E9C}.Debug (no SWIG).Build.0 = Debug|Win32
		{8EF61FF7-214E-4955-9DBF-CCD164815E9C}.Release.ActiveCfg = Release|Win32
		{8EF61FF7-214E-4955-9DBF-CCD164815E9C}.Release.Build.0 = Release|Win32
		{8EF61FF7-214E-4955-9DBF-CCD164815E9C}.Release (Core).ActiveCfg = Release|Win32
		{8EF61FF7-214E-4955-9DBF-CCD164815E9C}.Release (gSKI DLL).ActiveCfg = Release|Win32
		{8EF61FF7-214E-4955-9DBF-CCD164815E9C}.Release (gSKI DLL).Build.0 = Release|Win32
		{8EF61FF7-214E-4955-9DBF-CCD164815E9C}.Release (no SWIG).ActiveCfg = Release|Win32
		{8EF61FF7-214E-4955-9DBF-CCD164815E9C}.Release (no SWIG).Build.0 = Release|Win32
		{31E16893-F132-4371-A451-7BC936385453}.Debug.ActiveCfg = Debug|Win32
		{31E16893-F132-4371-A451-7BC936385453}.Debug.Build.0 = Debug|Win32
		{31E16893-F132-4371-A451-7BC936385453}.Debug (Core).ActiveCfg = Debug|Win32
		{31E16893-F132-4371-A451-7BC936385453}.Debug (gSKI DLL).ActiveCfg = Debug|Win32
		{31E16893-F132-4371-A451-7BC936385453}.Debug (gSKI DLL).Build.0 = Debug|Win32
		{31E16893-F132-4371-A451-7BC936385453}.Debug (no SWIG).ActiveCfg = Debug|Win32
		{31E16893-F132-4371-A451-7BC936385453}.Debug (no SWIG).Build.0 = Debug|Win32
		{31E16893-F132-4371-A451-7BC936385453}.Release.ActiveCfg = Release|Win32
		{31E16893-F132-4371-A451-7BC936385453}.Release.Build.0 = Release|Win32
		{31E16893-F132-4371-A451-7BC936385453}.Release (Core).ActiveCfg = Release|Win32
		{31E16893-F132-4371-A451-7BC936385453}.Release (gSKI DLL).ActiveCfg = Release|Win32
		{31E16893-F132-4371-A451-7BC936385453}.Release (gSKI DLL).Build.0 = Release|Win32
		{31E16893-F132-4371-A451-7BC936385453}.Release (no SWIG).ActiveCfg = Release|Win32
		{31E16893-F132-4371-A451-7BC936385453}.Release (no SWIG).Build.0 = Release|Win32
		{3B7AC15A-ECCD-49CF-86D9-D813D2ABE979}.Debug.ActiveCfg = Debug|Win32
		{3B7AC15A-ECCD-49CF-86D9-D813D2ABE979}.Debug.Build.0 = Debug|Win32
		{3B7AC15A-ECCD-49CF-86D9-D813D2ABE979}.Debug (Core).ActiveCfg = Debug|Win32
		{3B7AC15A-ECCD-49CF-86D9-D813D2ABE979}.Debug (gSKI DLL).ActiveCfg = Debug|Win32
		{3B7AC15A-ECCD-49CF-86D9-D813D2ABE979}.Debug (gSKI DLL).Build.0 = Debug|Win32
		{3B7AC15A-ECCD-49CF-86D9-D813D2ABE979}.Debug (no SWIG).ActiveCfg = Debug|Win32
		{3B7AC15A-ECCD-49CF-86D9-D813D2ABE979}.Debug (no SWIG).Build.0 = Debug|Win32
		{3B7AC15A-ECCD-49CF-86D9-D813D2ABE979}.Release.ActiveCfg = Release|Win32
		{3B7AC15A-ECCD-49CF-86D9-D813D2ABE979}.Release.Build.0 = Release|Win32
		{3B7AC15A-ECCD-49CF-86D9-D813D2ABE979}.Release (Core).ActiveCfg = Release|Win32
		{3B7AC15A-ECCD-49CF-86D9-D813D2ABE979}.Release (gSKI DLL).ActiveCfg = Release|Win32
		{3B7AC15A-ECCD-49CF-86D9-D813D2ABE979}.Release (gSKI DLL).Build.0 = Release|Win32
		{3B7AC15A-ECCD-49CF-86D9-D813D2ABE979}.Release (no SWIG).ActiveCfg = Release|Win32
		{3B7AC15A-ECCD-49CF-86D9-D813D2ABE979}.Release (no SWIG).Build.0 = Release|Win32
	EndGlobalSection
	GlobalSection(ExtensibilityGlobals) = postSolution
	EndGlobalSection
	GlobalSection(ExtensibilityAddIns) = postSolution
	EndGlobalSection
EndGlobal
