<?xml version="1.0" encoding="utf-8"?>
<Project ToolsVersion="4.0" xmlns="http://schemas.microsoft.com/developer/msbuild/2003">
  <ItemGroup>
    <Filter Include="Source Files">
      <UniqueIdentifier>{4FC737F1-C7A5-4376-A066-2A32D752A2FF}</UniqueIdentifier>
      <Extensions>cpp;c;def;odl;idl;hpj;bat;asm;asmx</Extensions>
    </Filter>
    <Filter Include="Source Files\Commands">
      <UniqueIdentifier>{e57eeeaf-07e7-44a6-a6e2-3b681e844b62}</UniqueIdentifier>
    </Filter>
    <Filter Include="SCU Files">
      <UniqueIdentifier>{09bd71d7-530d-4131-b23e-8efc5e000050}</UniqueIdentifier>
    </Filter>
  </ItemGroup>
  <ItemGroup>
    <ClCompile Include="src\cli_CommandLineInterface.cpp">
      <Filter>Source Files</Filter>
    </ClCompile>
    <ClCompile Include="src\cli_Commands.cpp">
      <Filter>Source Files</Filter>
    </ClCompile>
    <ClCompile Include="src\cli_addwme.cpp">
      <Filter>Source Files\Commands</Filter>
    </ClCompile>
    <ClCompile Include="src\cli_alias.cpp">
      <Filter>Source Files\Commands</Filter>
    </ClCompile>
    <ClCompile Include="src\cli_allocate.cpp">
      <Filter>Source Files\Commands</Filter>
    </ClCompile>
    <ClCompile Include="src\cli_captureinput.cpp">
      <Filter>Source Files\Commands</Filter>
    </ClCompile>
    <ClCompile Include="src\cli_cd.cpp">
      <Filter>Source Files\Commands</Filter>
    </ClCompile>
    <ClCompile Include="src\cli_chunknameformat.cpp">
      <Filter>Source Files\Commands</Filter>
    </ClCompile>
    <ClCompile Include="src\cli_clog.cpp">
      <Filter>Source Files\Commands</Filter>
    </ClCompile>
    <ClCompile Include="src\cli_commandtofile.cpp">
      <Filter>Source Files\Commands</Filter>
    </ClCompile>
    <ClCompile Include="src\cli_defaultwmedepth.cpp">
      <Filter>Source Files\Commands</Filter>
    </ClCompile>
    <ClCompile Include="src\cli_dirs.cpp">
      <Filter>Source Files\Commands</Filter>
    </ClCompile>
    <ClCompile Include="src\cli_echo.cpp">
      <Filter>Source Files\Commands</Filter>
    </ClCompile>
    <ClCompile Include="src\cli_echocommands.cpp">
      <Filter>Source Files\Commands</Filter>
    </ClCompile>
    <ClCompile Include="src\cli_editproduction.cpp">
      <Filter>Source Files\Commands</Filter>
    </ClCompile>
    <ClCompile Include="src\cli_epmem.cpp">
      <Filter>Source Files\Commands</Filter>
    </ClCompile>
    <ClCompile Include="src\cli_excise.cpp">
      <Filter>Source Files\Commands</Filter>
    </ClCompile>
    <ClCompile Include="src\cli_explainbacktraces.cpp">
      <Filter>Source Files\Commands</Filter>
    </ClCompile>
    <ClCompile Include="src\cli_firingcounts.cpp">
      <Filter>Source Files\Commands</Filter>
    </ClCompile>
    <ClCompile Include="src\cli_gdsprint.cpp">
      <Filter>Source Files\Commands</Filter>
    </ClCompile>
    <ClCompile Include="src\cli_gp.cpp">
      <Filter>Source Files\Commands</Filter>
    </ClCompile>
    <ClCompile Include="src\cli_gpmax.cpp">
      <Filter>Source Files\Commands</Filter>
    </ClCompile>
    <ClCompile Include="src\cli_help.cpp">
      <Filter>Source Files\Commands</Filter>
    </ClCompile>
    <ClCompile Include="src\cli_indifferentselection.cpp">
      <Filter>Source Files\Commands</Filter>
    </ClCompile>
    <ClCompile Include="src\cli_initsoar.cpp">
      <Filter>Source Files\Commands</Filter>
    </ClCompile>
    <ClCompile Include="src\cli_internalsymbols.cpp">
      <Filter>Source Files\Commands</Filter>
    </ClCompile>
    <ClCompile Include="src\cli_learn.cpp">
      <Filter>Source Files\Commands</Filter>
    </ClCompile>
    <ClCompile Include="src\cli_loadLibrary.cpp">
      <Filter>Source Files\Commands</Filter>
    </ClCompile>
    <ClCompile Include="src\cli_ls.cpp">
      <Filter>Source Files\Commands</Filter>
    </ClCompile>
    <ClCompile Include="src\cli_matches.cpp">
      <Filter>Source Files\Commands</Filter>
    </ClCompile>
    <ClCompile Include="src\cli_maxchunks.cpp">
      <Filter>Source Files\Commands</Filter>
    </ClCompile>
    <ClCompile Include="src\cli_maxelaborations.cpp">
      <Filter>Source Files\Commands</Filter>
    </ClCompile>
    <ClCompile Include="src\cli_maxgoaldepth.cpp">
      <Filter>Source Files\Commands</Filter>
    </ClCompile>
    <ClCompile Include="src\cli_maxmemoryusage.cpp">
      <Filter>Source Files\Commands</Filter>
    </ClCompile>
    <ClCompile Include="src\cli_maxniloutputcycles.cpp">
      <Filter>Source Files\Commands</Filter>
    </ClCompile>
    <ClCompile Include="src\cli_memories.cpp">
      <Filter>Source Files\Commands</Filter>
    </ClCompile>
    <ClCompile Include="src\cli_multiattributes.cpp">
      <Filter>Source Files\Commands</Filter>
    </ClCompile>
    <ClCompile Include="src\cli_numericindifferentmode.cpp">
      <Filter>Source Files\Commands</Filter>
    </ClCompile>
    <ClCompile Include="src\cli_osupportmode.cpp">
      <Filter>Source Files\Commands</Filter>
    </ClCompile>
    <ClCompile Include="src\cli_popd.cpp">
      <Filter>Source Files\Commands</Filter>
    </ClCompile>
    <ClCompile Include="src\cli_port.cpp">
      <Filter>Source Files\Commands</Filter>
    </ClCompile>
    <ClCompile Include="src\cli_predict.cpp">
      <Filter>Source Files\Commands</Filter>
    </ClCompile>
    <ClCompile Include="src\cli_preferences.cpp">
      <Filter>Source Files\Commands</Filter>
    </ClCompile>
    <ClCompile Include="src\cli_print.cpp">
      <Filter>Source Files\Commands</Filter>
    </ClCompile>
    <ClCompile Include="src\cli_productionfind.cpp">
      <Filter>Source Files\Commands</Filter>
    </ClCompile>
    <ClCompile Include="src\cli_pushd.cpp">
      <Filter>Source Files\Commands</Filter>
    </ClCompile>
    <ClCompile Include="src\cli_pwatch.cpp">
      <Filter>Source Files\Commands</Filter>
    </ClCompile>
    <ClCompile Include="src\cli_pwd.cpp">
      <Filter>Source Files\Commands</Filter>
    </ClCompile>
    <ClCompile Include="src\cli_quit.cpp">
      <Filter>Source Files\Commands</Filter>
    </ClCompile>
    <ClCompile Include="src\cli_rand.cpp">
      <Filter>Source Files\Commands</Filter>
    </ClCompile>
    <ClCompile Include="src\cli_removewme.cpp">
      <Filter>Source Files\Commands</Filter>
    </ClCompile>
    <ClCompile Include="src\cli_replayinput.cpp">
      <Filter>Source Files\Commands</Filter>
    </ClCompile>
    <ClCompile Include="src\cli_retenet.cpp">
      <Filter>Source Files\Commands</Filter>
    </ClCompile>
    <ClCompile Include="src\cli_rl.cpp">
      <Filter>Source Files\Commands</Filter>
    </ClCompile>
    <ClCompile Include="src\cli_run.cpp">
      <Filter>Source Files\Commands</Filter>
    </ClCompile>
    <ClCompile Include="src\cli_savebacktraces.cpp">
      <Filter>Source Files\Commands</Filter>
    </ClCompile>
    <ClCompile Include="src\cli_select.cpp">
      <Filter>Source Files\Commands</Filter>
    </ClCompile>
    <ClCompile Include="src\cli_setlibrarylocation.cpp">
      <Filter>Source Files\Commands</Filter>
    </ClCompile>
    <ClCompile Include="src\cli_setstopphase.cpp">
      <Filter>Source Files\Commands</Filter>
    </ClCompile>
    <ClCompile Include="src\cli_smem.cpp">
      <Filter>Source Files\Commands</Filter>
    </ClCompile>
    <ClCompile Include="src\cli_soarnews.cpp">
      <Filter>Source Files\Commands</Filter>
    </ClCompile>
    <ClCompile Include="src\cli_source.cpp">
      <Filter>Source Files\Commands</Filter>
    </ClCompile>
    <ClCompile Include="src\cli_sp.cpp">
      <Filter>Source Files\Commands</Filter>
    </ClCompile>
    <ClCompile Include="src\cli_srand.cpp">
      <Filter>Source Files\Commands</Filter>
    </ClCompile>
    <ClCompile Include="src\cli_stats.cpp">
      <Filter>Source Files\Commands</Filter>
    </ClCompile>
    <ClCompile Include="src\cli_stopsoar.cpp">
      <Filter>Source Files\Commands</Filter>
    </ClCompile>
    <ClCompile Include="src\cli_time.cpp">
      <Filter>Source Files\Commands</Filter>
    </ClCompile>
    <ClCompile Include="src\cli_timers.cpp">
      <Filter>Source Files\Commands</Filter>
    </ClCompile>
    <ClCompile Include="src\cli_unalias.cpp">
      <Filter>Source Files\Commands</Filter>
    </ClCompile>
    <ClCompile Include="src\cli_verbose.cpp">
      <Filter>Source Files\Commands</Filter>
    </ClCompile>
    <ClCompile Include="src\cli_version.cpp">
      <Filter>Source Files\Commands</Filter>
    </ClCompile>
    <ClCompile Include="src\cli_waitsnc.cpp">
      <Filter>Source Files\Commands</Filter>
    </ClCompile>
    <ClCompile Include="src\cli_warnings.cpp">
      <Filter>Source Files\Commands</Filter>
    </ClCompile>
    <ClCompile Include="src\cli_watch.cpp">
      <Filter>Source Files\Commands</Filter>
    </ClCompile>
    <ClCompile Include="src\cli_watchwmes.cpp">
      <Filter>Source Files\Commands</Filter>
    </ClCompile>
    <ClCompile Include="src\cli_wma.cpp">
      <Filter>Source Files\Commands</Filter>
    </ClCompile>
    <ClCompile Include="CommandLineInterface.cxx">
      <Filter>SCU Files</Filter>
    </ClCompile>
  </ItemGroup>
  <ItemGroup>
    <ClInclude Include="src\cli_CLIError.h">
      <Filter>Source Files</Filter>
    </ClInclude>
    <ClInclude Include="src\cli_CommandData.h">
      <Filter>Source Files</Filter>
    </ClInclude>
    <ClInclude Include="src\cli_CommandLineInterface.h">
      <Filter>Source Files</Filter>
    </ClInclude>
    <ClInclude Include="src\cli_Commands.h">
      <Filter>Source Files</Filter>
    </ClInclude>
  </ItemGroup>
</Project>
