
Microsoft Visual Studio Solution File, Format Version 9.00
# Visual Studio 2005
Project("{FAE04EC0-301F-11D3-BF4B-00C04F79EFBC}") = "SimpleDashboard", "SimpleDashboard.csproj", "{0EF15C7D-0506-4BB0-A9AA-DBEBA64BB630}"
	ProjectSection(ProjectDependencies) = postProject
		{AC5D5E54-CA38-447A-A9A3-5541DCE2F81A} = {AC5D5E54-CA38-447A-A9A3-5541DCE2F81A}
		{2B91A604-A8BE-43DD-8A44-60B735C11184} = {2B91A604-A8BE-43DD-8A44-60B735C11184}
	EndProjectSection
EndProject
Project("{FAE04EC0-301F-11D3-BF4B-00C04F79EFBC}") = "SickLRF", "..\..\Sensors\SickLRF\SickLRF.csproj", "{AC5D5E54-CA38-447A-A9A3-5541DCE2F81A}"
EndProject
Project("{FAE04EC0-301F-11D3-BF4B-00C04F79EFBC}") = "GameController", "..\GameController\GameController.csproj", "{2B91A604-A8BE-43DD-8A44-60B735C11184}"
	ProjectSection(ProjectDependencies) = postProject
		{885CB38B-B7F4-4F82-A540-C79BA8CAAF24} = {885CB38B-B7F4-4F82-A540-C79BA8CAAF24}
	EndProjectSection
EndProject
Project("{FAE04EC0-301F-11D3-BF4B-00C04F79EFBC}") = "LegoNxt", "..\..\Platforms\LEGO\NXT\LegoNxt\LegoNxt.csproj", "{63B90ACF-7610-4109-AA79-0842F7FAA290}"
EndProject
Project("{FAE04EC0-301F-11D3-BF4B-00C04F79EFBC}") = "LegoNXTServices", "..\..\Platforms\LEGO\NXT\LegoNXTServices\LegoNXTServices.csproj", "{885CB38B-B7F4-4F82-A540-C79BA8CAAF24}"
	ProjectSection(ProjectDependencies) = postProject
		{63B90ACF-7610-4109-AA79-0842F7FAA290} = {63B90ACF-7610-4109-AA79-0842F7FAA290}
	EndProjectSection
EndProject
Project("{FAE04EC0-301F-11D3-BF4B-00C04F79EFBC}") = "LegoHelper", "..\..\Platforms\LEGO\NXT\LegoNxt\LegoHelper\LegoHelper.csproj", "{F2AC37DB-CA61-4BA0-ADA2-BFB60918074B}"
EndProject
Global
	GlobalSection(SolutionConfigurationPlatforms) = preSolution
		Debug|Any CPU = Debug|Any CPU
		Release|Any CPU = Release|Any CPU
	EndGlobalSection
	GlobalSection(ProjectConfigurationPlatforms) = postSolution
		{0EF15C7D-0506-4BB0-A9AA-DBEBA64BB630}.Debug|Any CPU.ActiveCfg = Debug|Any CPU
		{0EF15C7D-0506-4BB0-A9AA-DBEBA64BB630}.Release|Any CPU.ActiveCfg = Release|Any CPU
		{0EF15C7D-0506-4BB0-A9AA-DBEBA64BB630}.Release|Any CPU.Build.0 = Release|Any CPU
		{AC5D5E54-CA38-447A-A9A3-5541DCE2F81A}.Debug|Any CPU.ActiveCfg = Debug|Any CPU
		{AC5D5E54-CA38-447A-A9A3-5541DCE2F81A}.Debug|Any CPU.Build.0 = Debug|Any CPU
		{AC5D5E54-CA38-447A-A9A3-5541DCE2F81A}.Release|Any CPU.ActiveCfg = Release|Any CPU
		{AC5D5E54-CA38-447A-A9A3-5541DCE2F81A}.Release|Any CPU.Build.0 = Release|Any CPU
		{2B91A604-A8BE-43DD-8A44-60B735C11184}.Debug|Any CPU.ActiveCfg = Debug|Any CPU
		{2B91A604-A8BE-43DD-8A44-60B735C11184}.Debug|Any CPU.Build.0 = Debug|Any CPU
		{2B91A604-A8BE-43DD-8A44-60B735C11184}.Release|Any CPU.ActiveCfg = Release|Any CPU
		{2B91A604-A8BE-43DD-8A44-60B735C11184}.Release|Any CPU.Build.0 = Release|Any CPU
		{63B90ACF-7610-4109-AA79-0842F7FAA290}.Debug|Any CPU.ActiveCfg = Debug|Any CPU
		{63B90ACF-7610-4109-AA79-0842F7FAA290}.Debug|Any CPU.Build.0 = Debug|Any CPU
		{63B90ACF-7610-4109-AA79-0842F7FAA290}.Release|Any CPU.ActiveCfg = Release|Any CPU
		{63B90ACF-7610-4109-AA79-0842F7FAA290}.Release|Any CPU.Build.0 = Release|Any CPU
		{885CB38B-B7F4-4F82-A540-C79BA8CAAF24}.Debug|Any CPU.ActiveCfg = Debug|Any CPU
		{885CB38B-B7F4-4F82-A540-C79BA8CAAF24}.Debug|Any CPU.Build.0 = Debug|Any CPU
		{885CB38B-B7F4-4F82-A540-C79BA8CAAF24}.Release|Any CPU.ActiveCfg = Release|Any CPU
		{885CB38B-B7F4-4F82-A540-C79BA8CAAF24}.Release|Any CPU.Build.0 = Release|Any CPU
		{F2AC37DB-CA61-4BA0-ADA2-BFB60918074B}.Debug|Any CPU.ActiveCfg = Debug|Any CPU
		{F2AC37DB-CA61-4BA0-ADA2-BFB60918074B}.Debug|Any CPU.Build.0 = Debug|Any CPU
		{F2AC37DB-CA61-4BA0-ADA2-BFB60918074B}.Release|Any CPU.ActiveCfg = Release|Any CPU
		{F2AC37DB-CA61-4BA0-ADA2-BFB60918074B}.Release|Any CPU.Build.0 = Release|Any CPU
	EndGlobalSection
	GlobalSection(SolutionProperties) = preSolution
		HideSolutionNode = FALSE
	EndGlobalSection
EndGlobal
