Microsoft Visual Studio Solution File, Format Version 8.00
Project("{8BC9CEB8-8B4A-11D0-8D11-00A0C91BC942}") = "QuickLink", "QuickLink.vcproj", "{6E6D187C-D4F0-4152-B75E-4A9E6D76B659}"
	ProjectSection(ProjectDependencies) = postProject
	EndProjectSection
EndProject
Project("{8BC9CEB8-8B4A-11D0-8D11-00A0C91BC942}") = "ClientSML", "..\SoarSuite\Core\ClientSML\ClientSML.vcproj", "{3EDBED11-A1B3-4E00-8B6E-652523D482F0}"
	ProjectSection(ProjectDependencies) = postProject
	EndProjectSection
EndProject
Project("{8BC9CEB8-8B4A-11D0-8D11-00A0C91BC942}") = "ConnectionSML", "..\SoarSuite\Core\ConnectionSML\ConnectionSML.vcproj", "{161DC1AD-FB4B-4370-9FD5-B02E2A0D8A36}"
	ProjectSection(ProjectDependencies) = postProject
	EndProjectSection
EndProject
Project("{8BC9CEB8-8B4A-11D0-8D11-00A0C91BC942}") = "ElementXML", "..\SoarSuite\Core\ElementXML\ElementXML.vcproj", "{E9AB0B6E-F1CA-4A63-817B-AB47F7E5417E}"
	ProjectSection(ProjectDependencies) = postProject
	EndProjectSection
EndProject
Global
	GlobalSection(SolutionConfiguration) = preSolution
		Debug = Debug
		Distribution = Distribution
		Release = Release
	EndGlobalSection
	GlobalSection(ProjectConfiguration) = postSolution
		{6E6D187C-D4F0-4152-B75E-4A9E6D76B659}.Debug.ActiveCfg = Debug|Win32
		{6E6D187C-D4F0-4152-B75E-4A9E6D76B659}.Debug.Build.0 = Debug|Win32
		{6E6D187C-D4F0-4152-B75E-4A9E6D76B659}.Distribution.ActiveCfg = Distribution|Win32
		{6E6D187C-D4F0-4152-B75E-4A9E6D76B659}.Distribution.Build.0 = Distribution|Win32
		{6E6D187C-D4F0-4152-B75E-4A9E6D76B659}.Release.ActiveCfg = Release|Win32
		{6E6D187C-D4F0-4152-B75E-4A9E6D76B659}.Release.Build.0 = Release|Win32
		{3EDBED11-A1B3-4E00-8B6E-652523D482F0}.Debug.ActiveCfg = Debug|Win32
		{3EDBED11-A1B3-4E00-8B6E-652523D482F0}.Debug.Build.0 = Debug|Win32
		{3EDBED11-A1B3-4E00-8B6E-652523D482F0}.Distribution.ActiveCfg = Distribution|Win32
		{3EDBED11-A1B3-4E00-8B6E-652523D482F0}.Distribution.Build.0 = Distribution|Win32
		{3EDBED11-A1B3-4E00-8B6E-652523D482F0}.Release.ActiveCfg = Release|Win32
		{3EDBED11-A1B3-4E00-8B6E-652523D482F0}.Release.Build.0 = Release|Win32
		{161DC1AD-FB4B-4370-9FD5-B02E2A0D8A36}.Debug.ActiveCfg = Debug|Win32
		{161DC1AD-FB4B-4370-9FD5-B02E2A0D8A36}.Debug.Build.0 = Debug|Win32
		{161DC1AD-FB4B-4370-9FD5-B02E2A0D8A36}.Distribution.ActiveCfg = Distribution|Win32
		{161DC1AD-FB4B-4370-9FD5-B02E2A0D8A36}.Distribution.Build.0 = Distribution|Win32
		{161DC1AD-FB4B-4370-9FD5-B02E2A0D8A36}.Release.ActiveCfg = Release|Win32
		{161DC1AD-FB4B-4370-9FD5-B02E2A0D8A36}.Release.Build.0 = Release|Win32
		{E9AB0B6E-F1CA-4A63-817B-AB47F7E5417E}.Debug.ActiveCfg = Debug|Win32
		{E9AB0B6E-F1CA-4A63-817B-AB47F7E5417E}.Debug.Build.0 = Debug|Win32
		{E9AB0B6E-F1CA-4A63-817B-AB47F7E5417E}.Distribution.ActiveCfg = Distribution|Win32
		{E9AB0B6E-F1CA-4A63-817B-AB47F7E5417E}.Distribution.Build.0 = Distribution|Win32
		{E9AB0B6E-F1CA-4A63-817B-AB47F7E5417E}.Release.ActiveCfg = Release|Win32
		{E9AB0B6E-F1CA-4A63-817B-AB47F7E5417E}.Release.Build.0 = Release|Win32
	EndGlobalSection
	GlobalSection(ExtensibilityGlobals) = postSolution
	EndGlobalSection
	GlobalSection(ExtensibilityAddIns) = postSolution
	EndGlobalSection
EndGlobal
