Microsoft Visual Studio Solution File, Format Version 9.00
# Visual Studio 2005
Project("{FAE04EC0-301F-11D3-BF4B-00C04F79EFBC}") = "SoarIntro", "SoarIntro.csproj", "{DAB99F3A-6615-4C2D-9B41-58125375DECF}"
EndProject
Global
	GlobalSection(SolutionConfigurationPlatforms) = preSolution
		Debug|Any CPU = Debug|Any CPU
		Release|Any CPU = Release|Any CPU
	EndGlobalSection
	GlobalSection(ProjectConfigurationPlatforms) = postSolution
		{DAB99F3A-6615-4C2D-9B41-58125375DECF}.Debug|Any CPU.ActiveCfg = Debug|Any CPU
		{DAB99F3A-6615-4C2D-9B41-58125375DECF}.Debug|Any CPU.Build.0 = Debug|Any CPU
		{DAB99F3A-6615-4C2D-9B41-58125375DECF}.Release|Any CPU.ActiveCfg = Release|Any CPU
		{DAB99F3A-6615-4C2D-9B41-58125375DECF}.Release|Any CPU.Build.0 = Release|Any CPU
	EndGlobalSection
	GlobalSection(SolutionProperties) = preSolution
		HideSolutionNode = FALSE
	EndGlobalSection
EndGlobal
