<?xml version="1.0" encoding="utf-8"?>
<Project ToolsVersion="4.0" xmlns="http://schemas.microsoft.com/developer/msbuild/2003">
  <ItemGroup>
    <Filter Include="Source Files">
      <UniqueIdentifier>{4FC737F1-C7A5-4376-A066-2A32D752A2FF}</UniqueIdentifier>
      <Extensions>cpp;c;def;odl;idl;hpj;bat;asm;asmx</Extensions>
    </Filter>
    <Filter Include="SCU Files">
      <UniqueIdentifier>{278cdd23-a329-4d3d-a0fe-a1e83f5452da}</UniqueIdentifier>
      <Extensions>cxx</Extensions>
    </Filter>
  </ItemGroup>
  <ItemGroup>
    <ClInclude Include="src\sml_Client.h">
      <Filter>Source Files</Filter>
    </ClInclude>
    <ClInclude Include="src\sml_ClientAgent.h">
      <Filter>Source Files</Filter>
    </ClInclude>
    <ClInclude Include="src\sml_ClientAnalyzedXML.h">
      <Filter>Source Files</Filter>
    </ClInclude>
    <ClInclude Include="src\sml_ClientDirect.h">
      <Filter>Source Files</Filter>
    </ClInclude>
    <ClInclude Include="src\sml_ClientErrors.h">
      <Filter>Source Files</Filter>
    </ClInclude>
    <ClInclude Include="src\sml_ClientEvents.h">
      <Filter>Source Files</Filter>
    </ClInclude>
    <ClInclude Include="src\sml_ClientFloatElement.h">
      <Filter>Source Files</Filter>
    </ClInclude>
    <ClInclude Include="src\sml_ClientIdentifier.h">
      <Filter>Source Files</Filter>
    </ClInclude>
    <ClInclude Include="src\sml_ClientIntElement.h">
      <Filter>Source Files</Filter>
    </ClInclude>
    <ClInclude Include="src\sml_ClientKernel.h">
      <Filter>Source Files</Filter>
    </ClInclude>
    <ClInclude Include="src\sml_ClientStringElement.h">
      <Filter>Source Files</Filter>
    </ClInclude>
    <ClInclude Include="src\sml_ClientTraceXML.h">
      <Filter>Source Files</Filter>
    </ClInclude>
    <ClInclude Include="src\sml_ClientWMElement.h">
      <Filter>Source Files</Filter>
    </ClInclude>
    <ClInclude Include="src\sml_ClientWorkingMemory.h">
      <Filter>Source Files</Filter>
    </ClInclude>
    <ClInclude Include="src\sml_ClientXML.h">
      <Filter>Source Files</Filter>
    </ClInclude>
    <ClInclude Include="src\sml_DeltaList.h">
      <Filter>Source Files</Filter>
    </ClInclude>
    <ClInclude Include="src\sml_ListMap.h">
      <Filter>Source Files</Filter>
    </ClInclude>
    <ClInclude Include="src\sml_ObjectMap.h">
      <Filter>Source Files</Filter>
    </ClInclude>
    <ClInclude Include="src\sml_OutputDeltaList.h">
      <Filter>Source Files</Filter>
    </ClInclude>
  </ItemGroup>
  <ItemGroup>
    <ClCompile Include="src\sml_ClientAgent.cpp">
      <Filter>Source Files</Filter>
    </ClCompile>
    <ClCompile Include="src\sml_ClientAnalyzedXML.cpp">
      <Filter>Source Files</Filter>
    </ClCompile>
    <ClCompile Include="src\sml_ClientErrors.cpp">
      <Filter>Source Files</Filter>
    </ClCompile>
    <ClCompile Include="src\sml_ClientFloatElement.cpp">
      <Filter>Source Files</Filter>
    </ClCompile>
    <ClCompile Include="src\sml_ClientIdentifier.cpp">
      <Filter>Source Files</Filter>
    </ClCompile>
    <ClCompile Include="src\sml_ClientIntElement.cpp">
      <Filter>Source Files</Filter>
    </ClCompile>
    <ClCompile Include="src\sml_ClientKernel.cpp">
      <Filter>Source Files</Filter>
    </ClCompile>
    <ClCompile Include="src\sml_ClientStringElement.cpp">
      <Filter>Source Files</Filter>
    </ClCompile>
    <ClCompile Include="src\sml_ClientTraceXML.cpp">
      <Filter>Source Files</Filter>
    </ClCompile>
    <ClCompile Include="src\sml_ClientWMElement.cpp">
      <Filter>Source Files</Filter>
    </ClCompile>
    <ClCompile Include="src\sml_ClientWorkingMemory.cpp">
      <Filter>Source Files</Filter>
    </ClCompile>
    <ClCompile Include="src\sml_ClientXML.cpp">
      <Filter>Source Files</Filter>
    </ClCompile>
    <ClCompile Include="src\sml_DeltaList.cpp">
      <Filter>Source Files</Filter>
    </ClCompile>
    <ClCompile Include="src\sml_ObjectMap.cpp">
      <Filter>Source Files</Filter>
    </ClCompile>
    <ClCompile Include="src\sml_OutputDeltaList.cpp">
      <Filter>Source Files</Filter>
    </ClCompile>
    <ClCompile Include="ClientSML.cxx">
      <Filter>SCU Files</Filter>
    </ClCompile>
  </ItemGroup>
</Project>