
Microsoft Visual Studio Solution File, Format Version 9.00
# Visual Studio 2005
Project("{FAE04EC0-301F-11D3-BF4B-00C04F79EFBC}") = "SimulationTutorial2", "SimulationTutorial2.csproj", "{DFDC51DD-FABC-4650-B260-CA6996FAC7C1}"
	ProjectSection(ProjectDependencies) = postProject
		{8CB9EE17-C966-4527-9364-FAEFEAB780A7} = {8CB9EE17-C966-4527-9364-FAEFEAB780A7}
		{17CF7B3E-412D-4F42-9CDE-F4E32E0453F1} = {17CF7B3E-412D-4F42-9CDE-F4E32E0453F1}
		{218E45CA-5A41-49F1-AA9D-2703FFFD8B01} = {218E45CA-5A41-49F1-AA9D-2703FFFD8B01}
		{9B5B97D4-6E3C-490A-9274-E929AF0D93D0} = {9B5B97D4-6E3C-490A-9274-E929AF0D93D0}
		{0EF15C7D-0506-4BB0-A9AA-DBEBA64BB630} = {0EF15C7D-0506-4BB0-A9AA-DBEBA64BB630}
	EndProjectSection
EndProject
Project("{FAE04EC0-301F-11D3-BF4B-00C04F79EFBC}") = "SimulatedBumper", "..\..\Simulation\Sensors\Bumper\SimulatedBumper.csproj", "{8CB9EE17-C966-4527-9364-FAEFEAB780A7}"
EndProject
Project("{FAE04EC0-301F-11D3-BF4B-00C04F79EFBC}") = "SimulatedDifferentialDrive", "..\..\Simulation\DifferentialDrive\SimulatedDifferentialDrive.csproj", "{218E45CA-5A41-49F1-AA9D-2703FFFD8B01}"
EndProject
Project("{FAE04EC0-301F-11D3-BF4B-00C04F79EFBC}") = "SimulatedLRF", "..\..\Simulation\Sensors\LaserRangeFinder\SimulatedLRF.csproj", "{9B5B97D4-6E3C-490A-9274-E929AF0D93D0}"
	ProjectSection(ProjectDependencies) = postProject
		{AC5D5E54-CA38-447A-A9A3-5541DCE2F81A} = {AC5D5E54-CA38-447A-A9A3-5541DCE2F81A}
	EndProjectSection
EndProject
Project("{FAE04EC0-301F-11D3-BF4B-00C04F79EFBC}") = "SimulatedWebcam", "..\..\Simulation\Sensors\SimulatedWebcam\SimulatedWebcam.csproj", "{17CF7B3E-412D-4F42-9CDE-F4E32E0453F1}"
EndProject
Project("{FAE04EC0-301F-11D3-BF4B-00C04F79EFBC}") = "SickLRF", "..\..\Sensors\SickLRF\SickLRF.csproj", "{AC5D5E54-CA38-447A-A9A3-5541DCE2F81A}"
EndProject
Project("{FAE04EC0-301F-11D3-BF4B-00C04F79EFBC}") = "SimpleDashboard", "..\..\Misc\SimpleDashboard\SimpleDashboard.csproj", "{0EF15C7D-0506-4BB0-A9AA-DBEBA64BB630}"
	ProjectSection(ProjectDependencies) = postProject
		{2B91A604-A8BE-43DD-8A44-60B735C11184} = {2B91A604-A8BE-43DD-8A44-60B735C11184}
		{AC5D5E54-CA38-447A-A9A3-5541DCE2F81A} = {AC5D5E54-CA38-447A-A9A3-5541DCE2F81A}
	EndProjectSection
EndProject
Project("{FAE04EC0-301F-11D3-BF4B-00C04F79EFBC}") = "GameController", "..\..\Misc\GameController\GameController.csproj", "{2B91A604-A8BE-43DD-8A44-60B735C11184}"
EndProject
Global
	GlobalSection(SolutionConfigurationPlatforms) = preSolution
		Debug|Any CPU = Debug|Any CPU
		Release|Any CPU = Release|Any CPU
	EndGlobalSection
	GlobalSection(ProjectConfigurationPlatforms) = postSolution
		{DFDC51DD-FABC-4650-B260-CA6996FAC7C1}.Debug|Any CPU.ActiveCfg = Debug|Any CPU
		{DFDC51DD-FABC-4650-B260-CA6996FAC7C1}.Debug|Any CPU.Build.0 = Debug|Any CPU
		{DFDC51DD-FABC-4650-B260-CA6996FAC7C1}.Release|Any CPU.ActiveCfg = Release|Any CPU
		{DFDC51DD-FABC-4650-B260-CA6996FAC7C1}.Release|Any CPU.Build.0 = Release|Any CPU
		{8CB9EE17-C966-4527-9364-FAEFEAB780A7}.Debug|Any CPU.ActiveCfg = Debug|Any CPU
		{8CB9EE17-C966-4527-9364-FAEFEAB780A7}.Debug|Any CPU.Build.0 = Debug|Any CPU
		{8CB9EE17-C966-4527-9364-FAEFEAB780A7}.Release|Any CPU.ActiveCfg = Release|Any CPU
		{8CB9EE17-C966-4527-9364-FAEFEAB780A7}.Release|Any CPU.Build.0 = Release|Any CPU
		{218E45CA-5A41-49F1-AA9D-2703FFFD8B01}.Debug|Any CPU.ActiveCfg = Debug|Any CPU
		{218E45CA-5A41-49F1-AA9D-2703FFFD8B01}.Debug|Any CPU.Build.0 = Debug|Any CPU
		{218E45CA-5A41-49F1-AA9D-2703FFFD8B01}.Release|Any CPU.ActiveCfg = Release|Any CPU
		{218E45CA-5A41-49F1-AA9D-2703FFFD8B01}.Release|Any CPU.Build.0 = Release|Any CPU
		{9B5B97D4-6E3C-490A-9274-E929AF0D93D0}.Debug|Any CPU.ActiveCfg = Debug|Any CPU
		{9B5B97D4-6E3C-490A-9274-E929AF0D93D0}.Debug|Any CPU.Build.0 = Debug|Any CPU
		{9B5B97D4-6E3C-490A-9274-E929AF0D93D0}.Release|Any CPU.ActiveCfg = Release|Any CPU
		{9B5B97D4-6E3C-490A-9274-E929AF0D93D0}.Release|Any CPU.Build.0 = Release|Any CPU
		{17CF7B3E-412D-4F42-9CDE-F4E32E0453F1}.Debug|Any CPU.ActiveCfg = Debug|Any CPU
		{17CF7B3E-412D-4F42-9CDE-F4E32E0453F1}.Debug|Any CPU.Build.0 = Debug|Any CPU
		{17CF7B3E-412D-4F42-9CDE-F4E32E0453F1}.Release|Any CPU.ActiveCfg = Release|Any CPU
		{17CF7B3E-412D-4F42-9CDE-F4E32E0453F1}.Release|Any CPU.Build.0 = Release|Any CPU
		{AC5D5E54-CA38-447A-A9A3-5541DCE2F81A}.Debug|Any CPU.ActiveCfg = Debug|Any CPU
		{AC5D5E54-CA38-447A-A9A3-5541DCE2F81A}.Debug|Any CPU.Build.0 = Debug|Any CPU
		{AC5D5E54-CA38-447A-A9A3-5541DCE2F81A}.Release|Any CPU.ActiveCfg = Release|Any CPU
		{AC5D5E54-CA38-447A-A9A3-5541DCE2F81A}.Release|Any CPU.Build.0 = Release|Any CPU
		{0EF15C7D-0506-4BB0-A9AA-DBEBA64BB630}.Debug|Any CPU.ActiveCfg = Debug|Any CPU
		{0EF15C7D-0506-4BB0-A9AA-DBEBA64BB630}.Debug|Any CPU.Build.0 = Debug|Any CPU
		{0EF15C7D-0506-4BB0-A9AA-DBEBA64BB630}.Release|Any CPU.ActiveCfg = Release|Any CPU
		{0EF15C7D-0506-4BB0-A9AA-DBEBA64BB630}.Release|Any CPU.Build.0 = Release|Any CPU
		{2B91A604-A8BE-43DD-8A44-60B735C11184}.Debug|Any CPU.ActiveCfg = Debug|Any CPU
		{2B91A604-A8BE-43DD-8A44-60B735C11184}.Debug|Any CPU.Build.0 = Debug|Any CPU
		{2B91A604-A8BE-43DD-8A44-60B735C11184}.Release|Any CPU.ActiveCfg = Release|Any CPU
		{2B91A604-A8BE-43DD-8A44-60B735C11184}.Release|Any CPU.Build.0 = Release|Any CPU
	EndGlobalSection
	GlobalSection(SolutionProperties) = preSolution
		HideSolutionNode = FALSE
	EndGlobalSection
EndGlobal
