Microsoft Visual Studio Solution File, Format Version 8.00
Project("{8BC9CEB8-8B4A-11D0-8D11-00A0C91BC942}") = "QuickLink", "QuickLink.vcproj", "{6EE44B02-0AB5-4B51-97F6-2B98C187237B}"
	ProjectSection(ProjectDependencies) = postProject
	EndProjectSection
EndProject
Global
	GlobalSection(SolutionConfiguration) = preSolution
		Debug = Debug
		Release = Release
	EndGlobalSection
	GlobalSection(ProjectConfiguration) = postSolution
		{6EE44B02-0AB5-4B51-97F6-2B98C187237B}.Debug.ActiveCfg = Debug|Win32
		{6EE44B02-0AB5-4B51-97F6-2B98C187237B}.Debug.Build.0 = Debug|Win32
		{6EE44B02-0AB5-4B51-97F6-2B98C187237B}.Release.ActiveCfg = Release|Win32
		{6EE44B02-0AB5-4B51-97F6-2B98C187237B}.Release.Build.0 = Release|Win32
	EndGlobalSection
	GlobalSection(ExtensibilityGlobals) = postSolution
	EndGlobalSection
	GlobalSection(ExtensibilityAddIns) = postSolution
	EndGlobalSection
EndGlobal
