Microsoft Visual Studio Solution File, Format Version 8.00
Project("{8BC9CEB8-8B4A-11D0-8D11-00A0C91BC942}") = "ConnectionSML", "..\ConnectionSML\ConnectionSML.vcproj", "{161DC1AD-FB4B-4370-9FD5-B02E2A0D8A36}"
	ProjectSection(ProjectDependencies) = postProject
	EndProjectSection
EndProject
Project("{8BC9CEB8-8B4A-11D0-8D11-00A0C91BC942}") = "ClientSML", "ClientSML.vcproj", "{EE9F72DB-C99C-411F-BF1C-60D7B93F856F}"
	ProjectSection(ProjectDependencies) = postProject
		{161DC1AD-FB4B-4370-9FD5-B02E2A0D8A36} = {161DC1AD-FB4B-4370-9FD5-B02E2A0D8A36}
	EndProjectSection
EndProject
Project("{8BC9CEB8-8B4A-11D0-8D11-00A0C91BC942}") = "KernelSML", "..\KernelSML\KernelSML.vcproj", "{4C6CC3DE-C022-4043-8E73-72FE1E1224C4}"
	ProjectSection(ProjectDependencies) = postProject
		{161DC1AD-FB4B-4370-9FD5-B02E2A0D8A36} = {161DC1AD-FB4B-4370-9FD5-B02E2A0D8A36}
	EndProjectSection
EndProject
Project("{8BC9CEB8-8B4A-11D0-8D11-00A0C91BC942}") = "TestConnectionSML", "..\examples\TestConnectionSML\TestConnectionSML.vcproj", "{3AA3B75A-7A98-4538-AE12-E8CE7F2FFF92}"
	ProjectSection(ProjectDependencies) = postProject
	EndProjectSection
EndProject
Global
	GlobalSection(SolutionConfiguration) = preSolution
		Debug = Debug
		Release = Release
	EndGlobalSection
	GlobalSection(ProjectConfiguration) = postSolution
		{161DC1AD-FB4B-4370-9FD5-B02E2A0D8A36}.Debug.ActiveCfg = Debug|Win32
		{161DC1AD-FB4B-4370-9FD5-B02E2A0D8A36}.Debug.Build.0 = Debug|Win32
		{161DC1AD-FB4B-4370-9FD5-B02E2A0D8A36}.Release.ActiveCfg = Release|Win32
		{161DC1AD-FB4B-4370-9FD5-B02E2A0D8A36}.Release.Build.0 = Release|Win32
		{EE9F72DB-C99C-411F-BF1C-60D7B93F856F}.Debug.ActiveCfg = Debug|Win32
		{EE9F72DB-C99C-411F-BF1C-60D7B93F856F}.Debug.Build.0 = Debug|Win32
		{EE9F72DB-C99C-411F-BF1C-60D7B93F856F}.Release.ActiveCfg = Release|Win32
		{EE9F72DB-C99C-411F-BF1C-60D7B93F856F}.Release.Build.0 = Release|Win32
		{4C6CC3DE-C022-4043-8E73-72FE1E1224C4}.Debug.ActiveCfg = Debug|Win32
		{4C6CC3DE-C022-4043-8E73-72FE1E1224C4}.Debug.Build.0 = Debug|Win32
		{4C6CC3DE-C022-4043-8E73-72FE1E1224C4}.Release.ActiveCfg = Release|Win32
		{4C6CC3DE-C022-4043-8E73-72FE1E1224C4}.Release.Build.0 = Release|Win32
		{3AA3B75A-7A98-4538-AE12-E8CE7F2FFF92}.Debug.ActiveCfg = Debug|Win32
		{3AA3B75A-7A98-4538-AE12-E8CE7F2FFF92}.Debug.Build.0 = Debug|Win32
		{3AA3B75A-7A98-4538-AE12-E8CE7F2FFF92}.Release.ActiveCfg = Release|Win32
		{3AA3B75A-7A98-4538-AE12-E8CE7F2FFF92}.Release.Build.0 = Release|Win32
	EndGlobalSection
	GlobalSection(ExtensibilityGlobals) = postSolution
	EndGlobalSection
	GlobalSection(ExtensibilityAddIns) = postSolution
	EndGlobalSection
EndGlobal
